<?xml version="1.0" encoding="utf-8"?>
<Project ToolsVersion="4.0" xmlns="http://schemas.microsoft.com/developer/msbuild/2003">
  <ItemGroup>
    <Filter Include="Source Files">
      <UniqueIdentifier>{4FC737F1-C7A5-4376-A066-2A32D752A2FF}</UniqueIdentifier>
      <Extensions>cpp;c;cc;cxx;def;odl;idl;hpj;bat;asm;asmx</Extensions>
    </Filter>
    <Filter Include="Source Files\Implementation Source Files">
      <UniqueIdentifier>{02f92bc6-9c02-4f23-aa26-685fbe182acc}</UniqueIdentifier>
    </Filter>
    <Filter Include="Source Files\Adaptors">
      <UniqueIdentifier>{768775b3-4d01-4c19-9597-a0a3eb07ef52}</UniqueIdentifier>
    </Filter>
    <Filter Include="Header Files">
      <UniqueIdentifier>{93995380-89BD-4b04-88EB-625FBE52EBFB}</UniqueIdentifier>
      <Extensions>h;hpp;hxx;hm;inl;inc;xsd</Extensions>
    </Filter>
    <Filter Include="Header Files\Implementation Header Files">
      <UniqueIdentifier>{5ef30e83-cf78-4a9a-b497-3dce6a1dcb04}</UniqueIdentifier>
    </Filter>
    <Filter Include="Header Files\Adaptors">
      <UniqueIdentifier>{262fac02-d8fa-4709-8252-5b37796307ae}</UniqueIdentifier>
    </Filter>
  </ItemGroup>
  <ItemGroup>
    <ClCompile Include="..\..\..\saga\saga\packages\stream\stream.cpp">
      <Filter>Source Files</Filter>
    </ClCompile>
    <ClCompile Include="..\..\..\saga\saga\packages\stream\stream_server.cpp">
      <Filter>Source Files</Filter>
    </ClCompile>
    <ClCompile Include="..\..\..\saga\saga\packages\stream\task_get_result.cpp">
      <Filter>Source Files</Filter>
    </ClCompile>
    <ClCompile Include="..\..\..\saga\saga\packages\stream\version.cpp">
      <Filter>Source Files</Filter>
    </ClCompile>
    <ClCompile Include="..\..\..\saga\impl\packages\stream\stream.cpp">
      <Filter>Source Files\Implementation Source Files</Filter>
    </ClCompile>
    <ClCompile Include="..\..\..\saga\impl\packages\stream\stream_serialization.cpp">
      <Filter>Source Files\Implementation Source Files</Filter>
    </ClCompile>
    <ClCompile Include="..\..\..\saga\impl\packages\stream\stream_server.cpp">
      <Filter>Source Files\Implementation Source Files</Filter>
    </ClCompile>
    <ClCompile Include="..\..\..\saga\saga\packages\stream\adaptors\stream.cpp">
      <Filter>Source Files\Adaptors</Filter>
    </ClCompile>
  </ItemGroup>
  <ItemGroup>
    <ClInclude Include="..\..\..\saga\saga\packages\stream\config.hpp">
      <Filter>Header Files</Filter>
    </ClInclude>
    <ClInclude Include="..\..\..\saga\saga\packages\stream\stream.hpp">
      <Filter>Header Files</Filter>
    </ClInclude>
    <ClInclude Include="..\..\..\saga\saga\packages\stream\stream_server.hpp">
      <Filter>Header Files</Filter>
    </ClInclude>
    <ClInclude Include="..\..\..\saga\saga\packages\stream\version.hpp">
      <Filter>Header Files</Filter>
    </ClInclude>
    <ClInclude Include="..\..\..\saga\impl\packages\stream\stream.hpp">
      <Filter>Header Files\Implementation Header Files</Filter>
    </ClInclude>
    <ClInclude Include="..\..\..\saga\impl\packages\stream\stream_cpi.hpp">
      <Filter>Header Files\Implementation Header Files</Filter>
    </ClInclude>
    <ClInclude Include="..\..\..\saga\impl\packages\stream\stream_serialization.hpp">
      <Filter>Header Files\Implementation Header Files</Filter>
    </ClInclude>
    <ClInclude Include="..\..\..\saga\impl\packages\stream\stream_server.hpp">
      <Filter>Header Files\Implementation Header Files</Filter>
    </ClInclude>
    <ClInclude Include="..\..\..\saga\impl\packages\stream\stream_server_cpi.hpp">
      <Filter>Header Files\Implementation Header Files</Filter>
    </ClInclude>
    <ClInclude Include="..\..\..\saga\saga\packages\stream\adaptors\stream.hpp">
      <Filter>Header Files\Adaptors</Filter>
    </ClInclude>
  </ItemGroup>
</Project>