<?xml version="1.0" encoding="utf-8"?>
<Project ToolsVersion="4.0" xmlns="http://schemas.microsoft.com/developer/msbuild/2003">
  <ItemGroup>
    <Filter Include="Source Files">
      <UniqueIdentifier>{4FC737F1-C7A5-4376-A066-2A32D752A2FF}</UniqueIdentifier>
      <Extensions>cpp;c;cc;cxx;def;odl;idl;hpj;bat;asm;asmx</Extensions>
    </Filter>
    <Filter Include="Header Files">
      <UniqueIdentifier>{93995380-89BD-4b04-88EB-625FBE52EBFB}</UniqueIdentifier>
      <Extensions>h;hpp;hxx;hm;inl;inc;xsd</Extensions>
    </Filter>
    <Filter Include="Header Files\Downhill">
      <UniqueIdentifier>{9a1f7fc8-fede-49f0-8b9e-02494425afba}</UniqueIdentifier>
    </Filter>
    <Filter Include="Header Files\Netinet">
      <UniqueIdentifier>{e0203cf7-433c-4f4e-8feb-a18ff3984ac3}</UniqueIdentifier>
    </Filter>
    <Filter Include="Header Files\Sys">
      <UniqueIdentifier>{4779aaf8-2808-49ca-af62-535ee06046f0}</UniqueIdentifier>
    </Filter>
  </ItemGroup>
  <ItemGroup>
    <ClCompile Include="..\..\..\external\u2nt\lib\dh_dir.c">
      <Filter>Source Files</Filter>
    </ClCompile>
    <ClCompile Include="..\..\..\external\u2nt\lib\dh_dup.c">
      <Filter>Source Files</Filter>
    </ClCompile>
    <ClCompile Include="..\..\..\external\u2nt\lib\dh_env.c">
      <Filter>Source Files</Filter>
    </ClCompile>
    <ClCompile Include="..\..\..\external\u2nt\lib\dh_file.c">
      <Filter>Source Files</Filter>
    </ClCompile>
    <ClCompile Include="..\..\..\external\u2nt\lib\dh_grp.c">
      <Filter>Source Files</Filter>
    </ClCompile>
    <ClCompile Include="..\..\..\external\u2nt\lib\dh_mem.c">
      <Filter>Source Files</Filter>
    </ClCompile>
    <ClCompile Include="..\..\..\external\u2nt\lib\dh_misc.c">
      <Filter>Source Files</Filter>
    </ClCompile>
    <ClCompile Include="..\..\..\external\u2nt\lib\dh_net.c">
      <Filter>Source Files</Filter>
    </ClCompile>
    <ClCompile Include="..\..\..\external\u2nt\lib\dh_pipe.c">
      <Filter>Source Files</Filter>
    </ClCompile>
    <ClCompile Include="..\..\..\external\u2nt\lib\dh_proc.c">
      <Filter>Source Files</Filter>
    </ClCompile>
    <ClCompile Include="..\..\..\external\u2nt\lib\dh_sig.c">
      <Filter>Source Files</Filter>
    </ClCompile>
    <ClCompile Include="..\..\..\external\u2nt\lib\dh_str.c">
      <Filter>Source Files</Filter>
    </ClCompile>
    <ClCompile Include="..\..\..\external\u2nt\lib\dh_time.c">
      <Filter>Source Files</Filter>
    </ClCompile>
    <ClCompile Include="..\..\..\external\u2nt\lib\dh_uio.c">
      <Filter>Source Files</Filter>
    </ClCompile>
    <ClCompile Include="..\..\..\external\u2nt\lib\dh_usr.c">
      <Filter>Source Files</Filter>
    </ClCompile>
  </ItemGroup>
  <ItemGroup>
    <ClInclude Include="..\..\..\external\u2nt\include\ar.h">
      <Filter>Header Files</Filter>
    </ClInclude>
    <ClInclude Include="..\..\..\external\u2nt\include\dirent.h">
      <Filter>Header Files</Filter>
    </ClInclude>
    <ClInclude Include="..\..\..\external\u2nt\include\downhill.h">
      <Filter>Header Files</Filter>
    </ClInclude>
    <ClInclude Include="..\..\..\external\u2nt\include\errno.h">
      <Filter>Header Files</Filter>
    </ClInclude>
    <ClInclude Include="..\..\..\external\u2nt\include\fcntl.h">
      <Filter>Header Files</Filter>
    </ClInclude>
    <ClInclude Include="..\..\..\external\u2nt\include\grp.h">
      <Filter>Header Files</Filter>
    </ClInclude>
    <ClInclude Include="..\..\..\external\u2nt\include\malloc.h">
      <Filter>Header Files</Filter>
    </ClInclude>
    <ClInclude Include="..\..\..\external\u2nt\include\netdb.h">
      <Filter>Header Files</Filter>
    </ClInclude>
    <ClInclude Include="..\..\..\external\u2nt\include\pwd.h">
      <Filter>Header Files</Filter>
    </ClInclude>
    <ClInclude Include="..\..\..\external\u2nt\include\ranlib.h">
      <Filter>Header Files</Filter>
    </ClInclude>
    <ClInclude Include="..\..\..\external\u2nt\include\signal.h">
      <Filter>Header Files</Filter>
    </ClInclude>
    <ClInclude Include="..\..\..\external\u2nt\include\stdio.h">
      <Filter>Header Files</Filter>
    </ClInclude>
    <ClInclude Include="..\..\..\external\u2nt\include\stdlib.h">
      <Filter>Header Files</Filter>
    </ClInclude>
    <ClInclude Include="..\..\..\external\u2nt\include\string.h">
      <Filter>Header Files</Filter>
    </ClInclude>
    <ClInclude Include="..\..\..\external\u2nt\include\strings.h">
      <Filter>Header Files</Filter>
    </ClInclude>
    <ClInclude Include="..\..\..\external\u2nt\include\unistd.h">
      <Filter>Header Files</Filter>
    </ClInclude>
    <ClInclude Include="..\..\..\external\u2nt\include\utime.h">
      <Filter>Header Files</Filter>
    </ClInclude>
    <ClInclude Include="..\..\..\external\u2nt\include\downhill\dh_inc.h">
      <Filter>Header Files\Downhill</Filter>
    </ClInclude>
    <ClInclude Include="..\..\..\external\u2nt\include\downhill\dh_posix.h">
      <Filter>Header Files\Downhill</Filter>
    </ClInclude>
    <ClInclude Include="..\..\..\external\u2nt\include\netinet\in.h">
      <Filter>Header Files\Netinet</Filter>
    </ClInclude>
    <ClInclude Include="..\..\..\external\u2nt\include\sys\dir.h">
      <Filter>Header Files\Sys</Filter>
    </ClInclude>
    <ClInclude Include="..\..\..\external\u2nt\include\sys\dirent.h">
      <Filter>Header Files\Sys</Filter>
    </ClInclude>
    <ClInclude Include="..\..\..\external\u2nt\include\sys\errno.h">
      <Filter>Header Files\Sys</Filter>
    </ClInclude>
    <ClInclude Include="..\..\..\external\u2nt\include\sys\fcntl.h">
      <Filter>Header Files\Sys</Filter>
    </ClInclude>
    <ClInclude Include="..\..\..\external\u2nt\include\sys\file.h">
      <Filter>Header Files\Sys</Filter>
    </ClInclude>
    <ClInclude Include="..\..\..\external\u2nt\include\sys\param.h">
      <Filter>Header Files\Sys</Filter>
    </ClInclude>
    <ClInclude Include="..\..\..\external\u2nt\include\sys\resource.h">
      <Filter>Header Files\Sys</Filter>
    </ClInclude>
    <ClInclude Include="..\..\..\external\u2nt\include\sys\signal.h">
      <Filter>Header Files\Sys</Filter>
    </ClInclude>
    <ClInclude Include="..\..\..\external\u2nt\include\sys\socket.h">
      <Filter>Header Files\Sys</Filter>
    </ClInclude>
    <ClInclude Include="..\..\..\external\u2nt\include\sys\stat.h">
      <Filter>Header Files\Sys</Filter>
    </ClInclude>
    <ClInclude Include="..\..\..\external\u2nt\include\sys\time.h">
      <Filter>Header Files\Sys</Filter>
    </ClInclude>
    <ClInclude Include="..\..\..\external\u2nt\include\sys\types.h">
      <Filter>Header Files\Sys</Filter>
    </ClInclude>
    <ClInclude Include="..\..\..\external\u2nt\include\sys\uio.h">
      <Filter>Header Files\Sys</Filter>
    </ClInclude>
    <ClInclude Include="..\..\..\external\u2nt\include\sys\unistd.h">
      <Filter>Header Files\Sys</Filter>
    </ClInclude>
    <ClInclude Include="..\..\..\external\u2nt\include\sys\utsname.h">
      <Filter>Header Files\Sys</Filter>
    </ClInclude>
    <ClInclude Include="..\..\..\external\u2nt\include\sys\wait.h">
      <Filter>Header Files\Sys</Filter>
    </ClInclude>
  </ItemGroup>
</Project>