<?xml version="1.0" encoding="utf-8"?>
<Project ToolsVersion="4.0" xmlns="http://schemas.microsoft.com/developer/msbuild/2003">
  <ItemGroup>
    <Filter Include="Source Files">
      <UniqueIdentifier>{4FC737F1-C7A5-4376-A066-2A32D752A2FF}</UniqueIdentifier>
      <Extensions>cpp;c;cc;cxx;def;odl;idl;hpj;bat;asm;asmx</Extensions>
    </Filter>
    <Filter Include="Source Files\Implementation Source Files">
      <UniqueIdentifier>{dc5f64c4-2bd0-43e1-abd1-e2ee126053b2}</UniqueIdentifier>
    </Filter>
    <Filter Include="Header Files">
      <UniqueIdentifier>{93995380-89BD-4b04-88EB-625FBE52EBFB}</UniqueIdentifier>
      <Extensions>h;hpp;hxx;hm;inl;inc;xsd</Extensions>
    </Filter>
    <Filter Include="Header Files\Implementation Header Files">
      <UniqueIdentifier>{5bc72541-7685-49a4-bb29-e669affde59a}</UniqueIdentifier>
    </Filter>
  </ItemGroup>
  <ItemGroup>
    <ClCompile Include="..\..\..\saga\saga\packages\replica\logical_directory.cpp">
      <Filter>Source Files</Filter>
    </ClCompile>
    <ClCompile Include="..\..\..\saga\saga\packages\replica\logical_file.cpp">
      <Filter>Source Files</Filter>
    </ClCompile>
    <ClCompile Include="..\..\..\saga\saga\packages\replica\task_get_result.cpp">
      <Filter>Source Files</Filter>
    </ClCompile>
    <ClCompile Include="..\..\..\saga\saga\packages\replica\version.cpp">
      <Filter>Source Files</Filter>
    </ClCompile>
    <ClCompile Include="..\..\..\saga\impl\packages\replica\logical_directory.cpp">
      <Filter>Source Files\Implementation Source Files</Filter>
    </ClCompile>
    <ClCompile Include="..\..\..\saga\impl\packages\replica\logical_file.cpp">
      <Filter>Source Files\Implementation Source Files</Filter>
    </ClCompile>
    <ClCompile Include="..\..\..\saga\impl\packages\replica\replica_serialization.cpp">
      <Filter>Source Files\Implementation Source Files</Filter>
    </ClCompile>
  </ItemGroup>
  <ItemGroup>
    <ClInclude Include="..\..\..\saga\saga\packages\replica\config.hpp">
      <Filter>Header Files</Filter>
    </ClInclude>
    <ClInclude Include="..\..\..\saga\saga\packages\replica\logical_directory.hpp">
      <Filter>Header Files</Filter>
    </ClInclude>
    <ClInclude Include="..\..\..\saga\saga\packages\replica\logical_file.hpp">
      <Filter>Header Files</Filter>
    </ClInclude>
    <ClInclude Include="..\..\..\saga\saga\packages\replica\version.hpp">
      <Filter>Header Files</Filter>
    </ClInclude>
    <ClInclude Include="..\..\..\saga\impl\packages\replica\logical_directory.hpp">
      <Filter>Header Files\Implementation Header Files</Filter>
    </ClInclude>
    <ClInclude Include="..\..\..\saga\impl\packages\replica\logical_directory_cpi.hpp">
      <Filter>Header Files\Implementation Header Files</Filter>
    </ClInclude>
    <ClInclude Include="..\..\..\saga\impl\packages\replica\logical_file.hpp">
      <Filter>Header Files\Implementation Header Files</Filter>
    </ClInclude>
    <ClInclude Include="..\..\..\saga\impl\packages\replica\logical_file_cpi.hpp">
      <Filter>Header Files\Implementation Header Files</Filter>
    </ClInclude>
    <ClInclude Include="..\..\..\saga\impl\packages\replica\replica_serialization.hpp">
      <Filter>Header Files\Implementation Header Files</Filter>
    </ClInclude>
  </ItemGroup>
  <ItemGroup>
    <None Include="replica.def">
      <Filter>Source Files</Filter>
    </None>
  </ItemGroup>
</Project>