<?xml version="1.0" encoding="utf-8"?>
<Project ToolsVersion="4.0" xmlns="http://schemas.microsoft.com/developer/msbuild/2003">
  <ItemGroup>
    <Filter Include="Source Files">
      <UniqueIdentifier>{4FC737F1-C7A5-4376-A066-2A32D752A2FF}</UniqueIdentifier>
      <Extensions>cpp;c;cc;cxx;def;odl;idl;hpj;bat;asm;asmx</Extensions>
    </Filter>
    <Filter Include="Source Files\Directory">
      <UniqueIdentifier>{35bab3a0-b496-4e7a-9426-aa79b26e0f43}</UniqueIdentifier>
    </Filter>
    <Filter Include="Source Files\File">
      <UniqueIdentifier>{e91a104a-c008-4032-b123-34ab281d1486}</UniqueIdentifier>
    </Filter>
    <Filter Include="Source Files\Serialization">
      <UniqueIdentifier>{3f99a500-1c1e-446d-b095-737d14076c8b}</UniqueIdentifier>
    </Filter>
    <Filter Include="Source Files\Job">
      <UniqueIdentifier>{5d967151-fd0e-429d-9792-87ab4214a6bf}</UniqueIdentifier>
    </Filter>
    <Filter Include="Source Files\Logical Directory">
      <UniqueIdentifier>{0b20388c-7c2b-4f05-a698-489d609b0d10}</UniqueIdentifier>
    </Filter>
    <Filter Include="Source Files\Logical File">
      <UniqueIdentifier>{b320676c-89d8-4c7e-9222-6b752a88be09}</UniqueIdentifier>
    </Filter>
    <Filter Include="Source Files\Url">
      <UniqueIdentifier>{98cc005c-28db-4b9e-88c4-b8e6ff4f18df}</UniqueIdentifier>
    </Filter>
    <Filter Include="Source Files\Stream">
      <UniqueIdentifier>{c6439df6-389e-4914-a482-fc0e5c225144}</UniqueIdentifier>
    </Filter>
    <Filter Include="Source Files\Uuid">
      <UniqueIdentifier>{4f72095f-2447-4797-8bca-3617ffc2eac0}</UniqueIdentifier>
    </Filter>
    <Filter Include="Header Files">
      <UniqueIdentifier>{93995380-89BD-4b04-88EB-625FBE52EBFB}</UniqueIdentifier>
      <Extensions>h;hpp;hxx;hm;inl;inc;xsd</Extensions>
    </Filter>
    <Filter Include="Header Files\Directory">
      <UniqueIdentifier>{0dbe30b3-8f38-4aee-b3a1-945b299127c5}</UniqueIdentifier>
    </Filter>
    <Filter Include="Header Files\File">
      <UniqueIdentifier>{11ad2bb8-3e31-46e8-aa60-c9ba1b8a519b}</UniqueIdentifier>
    </Filter>
    <Filter Include="Header Files\Serialization">
      <UniqueIdentifier>{d7839eb3-20ef-4d03-8b48-e25f46db4ee3}</UniqueIdentifier>
    </Filter>
    <Filter Include="Header Files\Job">
      <UniqueIdentifier>{e9a497f3-311c-4ea2-b678-8691de58bf26}</UniqueIdentifier>
    </Filter>
    <Filter Include="Header Files\Logical Directory">
      <UniqueIdentifier>{1ebe27ee-4864-4ad5-adb1-4968504c7a01}</UniqueIdentifier>
    </Filter>
    <Filter Include="Header Files\Logical File">
      <UniqueIdentifier>{37ebe73b-b1b2-4eee-949c-4751a4afb7cd}</UniqueIdentifier>
    </Filter>
    <Filter Include="Header Files\Url">
      <UniqueIdentifier>{856877b8-7879-42e3-b404-99f68002cdcb}</UniqueIdentifier>
    </Filter>
    <Filter Include="Header Files\Stream">
      <UniqueIdentifier>{86abc9a8-8135-48d8-9f38-0082216992e4}</UniqueIdentifier>
    </Filter>
    <Filter Include="Header Files\Uuid">
      <UniqueIdentifier>{d03f4e03-8681-4d10-8b9d-bd9885994bd8}</UniqueIdentifier>
    </Filter>
    <Filter Include="Header Files\Interface">
      <UniqueIdentifier>{9210d6df-5b30-4d4e-a461-b26bda3134f6}</UniqueIdentifier>
    </Filter>
  </ItemGroup>
  <ItemGroup>
    <ClCompile Include="..\..\..\test\cpp\unit_tests\handle_ini.cpp">
      <Filter>Source Files</Filter>
    </ClCompile>
    <ClCompile Include="..\..\..\test\cpp\unit_tests\test_cleanup.cpp">
      <Filter>Source Files</Filter>
    </ClCompile>
    <ClCompile Include="..\..\..\test\cpp\unit_tests\test_helper_utils_fallback.cpp">
      <Filter>Source Files</Filter>
    </ClCompile>
    <ClCompile Include="..\..\..\test\cpp\unit_tests\test_init.cpp">
      <Filter>Source Files</Filter>
    </ClCompile>
    <ClCompile Include="..\..\..\test\cpp\unit_tests\test_saga.cpp">
      <Filter>Source Files</Filter>
    </ClCompile>
    <ClCompile Include="..\..\..\test\cpp\unit_tests\directory\test_directory.cpp">
      <Filter>Source Files\Directory</Filter>
    </ClCompile>
    <ClCompile Include="..\..\..\test\cpp\unit_tests\file\test_file.cpp">
      <Filter>Source Files\File</Filter>
    </ClCompile>
    <ClCompile Include="..\..\..\test\cpp\unit_tests\serialization\serialization_tests.cpp">
      <Filter>Source Files\Serialization</Filter>
    </ClCompile>
    <ClCompile Include="..\..\..\test\cpp\unit_tests\job\test_job.cpp">
      <Filter>Source Files\Job</Filter>
    </ClCompile>
    <ClCompile Include="..\..\..\test\cpp\unit_tests\logical_directory\test_logical_dir.cpp">
      <Filter>Source Files\Logical Directory</Filter>
    </ClCompile>
    <ClCompile Include="..\..\..\test\cpp\unit_tests\logical_file\test_logical_file.cpp">
      <Filter>Source Files\Logical File</Filter>
    </ClCompile>
    <ClCompile Include="..\..\..\test\cpp\unit_tests\url\test_url.cpp">
      <Filter>Source Files\Url</Filter>
    </ClCompile>
    <ClCompile Include="..\..\..\test\cpp\unit_tests\stream\test_stream.cpp">
      <Filter>Source Files\Stream</Filter>
    </ClCompile>
    <ClCompile Include="..\..\..\test\cpp\unit_tests\uuid\test_uuid.cpp">
      <Filter>Source Files\Uuid</Filter>
    </ClCompile>
  </ItemGroup>
  <ItemGroup>
    <ClInclude Include="..\..\..\test\cpp\unit_tests\handle_ini.hpp">
      <Filter>Header Files</Filter>
    </ClInclude>
    <ClInclude Include="..\..\..\test\cpp\unit_tests\macros.hpp">
      <Filter>Header Files</Filter>
    </ClInclude>
    <ClInclude Include="..\..\..\test\cpp\unit_tests\test_attribute.hpp">
      <Filter>Header Files</Filter>
    </ClInclude>
    <ClInclude Include="..\..\..\test\cpp\unit_tests\test_cleanup.hpp">
      <Filter>Header Files</Filter>
    </ClInclude>
    <ClInclude Include="..\..\..\test\cpp\unit_tests\test_functions.hpp">
      <Filter>Header Files</Filter>
    </ClInclude>
    <ClInclude Include="..\..\..\test\cpp\unit_tests\test_helper_utils_fallback.hpp">
      <Filter>Header Files</Filter>
    </ClInclude>
    <ClInclude Include="..\..\..\test\cpp\unit_tests\test_init.hpp">
      <Filter>Header Files</Filter>
    </ClInclude>
    <ClInclude Include="..\..\..\test\cpp\unit_tests\test_saga.hpp">
      <Filter>Header Files</Filter>
    </ClInclude>
    <ClInclude Include="..\..\..\test\cpp\unit_tests\directory\test_api.hpp">
      <Filter>Header Files\Directory</Filter>
    </ClInclude>
    <ClInclude Include="..\..\..\test\cpp\unit_tests\directory\test_directory.hpp">
      <Filter>Header Files\Directory</Filter>
    </ClInclude>
    <ClInclude Include="..\..\..\test\cpp\unit_tests\file\test_api.hpp">
      <Filter>Header Files\File</Filter>
    </ClInclude>
    <ClInclude Include="..\..\..\test\cpp\unit_tests\file\test_file.hpp">
      <Filter>Header Files\File</Filter>
    </ClInclude>
    <ClInclude Include="..\..\..\test\cpp\unit_tests\serialization\advert_directory_serialization.hpp">
      <Filter>Header Files\Serialization</Filter>
    </ClInclude>
    <ClInclude Include="..\..\..\test\cpp\unit_tests\serialization\advert_serialization.hpp">
      <Filter>Header Files\Serialization</Filter>
    </ClInclude>
    <ClInclude Include="..\..\..\test\cpp\unit_tests\serialization\directory_serialization.hpp">
      <Filter>Header Files\Serialization</Filter>
    </ClInclude>
    <ClInclude Include="..\..\..\test\cpp\unit_tests\serialization\file_serialization.hpp">
      <Filter>Header Files\Serialization</Filter>
    </ClInclude>
    <ClInclude Include="..\..\..\test\cpp\unit_tests\serialization\logical_directory_serialization.hpp">
      <Filter>Header Files\Serialization</Filter>
    </ClInclude>
    <ClInclude Include="..\..\..\test\cpp\unit_tests\serialization\logical_file_serialization.hpp">
      <Filter>Header Files\Serialization</Filter>
    </ClInclude>
    <ClInclude Include="..\..\..\test\cpp\unit_tests\job\test_api.hpp">
      <Filter>Header Files\Job</Filter>
    </ClInclude>
    <ClInclude Include="..\..\..\test\cpp\unit_tests\job\test_job.hpp">
      <Filter>Header Files\Job</Filter>
    </ClInclude>
    <ClInclude Include="..\..\..\test\cpp\unit_tests\logical_directory\test_api.hpp">
      <Filter>Header Files\Logical Directory</Filter>
    </ClInclude>
    <ClInclude Include="..\..\..\test\cpp\unit_tests\logical_directory\test_logical_dir.hpp">
      <Filter>Header Files\Logical Directory</Filter>
    </ClInclude>
    <ClInclude Include="..\..\..\test\cpp\unit_tests\logical_file\test_api.hpp">
      <Filter>Header Files\Logical File</Filter>
    </ClInclude>
    <ClInclude Include="..\..\..\test\cpp\unit_tests\logical_file\test_logical_file.hpp">
      <Filter>Header Files\Logical File</Filter>
    </ClInclude>
    <ClInclude Include="..\..\..\test\cpp\unit_tests\url\test_api.hpp">
      <Filter>Header Files\Url</Filter>
    </ClInclude>
    <ClInclude Include="..\..\..\test\cpp\unit_tests\url\test_url.hpp">
      <Filter>Header Files\Url</Filter>
    </ClInclude>
    <ClInclude Include="..\..\..\test\cpp\unit_tests\stream\test_api.hpp">
      <Filter>Header Files\Stream</Filter>
    </ClInclude>
    <ClInclude Include="..\..\..\test\cpp\unit_tests\stream\test_stream.hpp">
      <Filter>Header Files\Stream</Filter>
    </ClInclude>
    <ClInclude Include="..\..\..\test\cpp\unit_tests\uuid\test_uuid.hpp">
      <Filter>Header Files\Uuid</Filter>
    </ClInclude>
    <ClInclude Include="..\..\..\test\cpp\unit_tests\interface\test_helper_utils.hpp">
      <Filter>Header Files\Interface</Filter>
    </ClInclude>
  </ItemGroup>
</Project>