
Microsoft Visual Studio Solution File, Format Version 11.00
# Visual Studio 2010
Project("{2150E333-8FDC-42A3-9474-1A3956D46DE8}") = "External Dependencies", "External Dependencies", "{1B53F86A-2F38-4255-86AF-662009C0D8B3}"
	ProjectSection(WebsiteProperties) = preProject
		Debug.AspNetCompiler.Debug = "True"
		Release.AspNetCompiler.Debug = "False"
	EndProjectSection
EndProject
Project("{2150E333-8FDC-42A3-9474-1A3956D46DE8}") = "SAGA Core Modules", "SAGA Core Modules", "{9CFD963A-F479-44D1-B7F6-792E84948543}"
	ProjectSection(WebsiteProperties) = preProject
		Debug.AspNetCompiler.Debug = "True"
		Release.AspNetCompiler.Debug = "False"
	EndProjectSection
EndProject
Project("{2150E333-8FDC-42A3-9474-1A3956D46DE8}") = "SAGA Local Adaptors", "SAGA Local Adaptors", "{BBF731B6-8D64-42BB-ABB5-5D71E1854883}"
	ProjectSection(WebsiteProperties) = preProject
		Debug.AspNetCompiler.Debug = "True"
		Release.AspNetCompiler.Debug = "False"
	EndProjectSection
EndProject
Project("{2150E333-8FDC-42A3-9474-1A3956D46DE8}") = "SAGA Packages", "SAGA Packages", "{93D61D97-FB6C-42F5-B0CD-58896807072C}"
	ProjectSection(WebsiteProperties) = preProject
		Debug.AspNetCompiler.Debug = "True"
		Release.AspNetCompiler.Debug = "False"
	EndProjectSection
EndProject
Project("{2150E333-8FDC-42A3-9474-1A3956D46DE8}") = "SAGA Tests", "SAGA Tests", "{CE24D653-A55F-4BAC-939D-084B7C9A7FDF}"
	ProjectSection(WebsiteProperties) = preProject
		Debug.AspNetCompiler.Debug = "True"
		Release.AspNetCompiler.Debug = "False"
	EndProjectSection
EndProject
Project("{2150E333-8FDC-42A3-9474-1A3956D46DE8}") = "Tools", "Tools", "{EC330326-9F2C-4A90-879F-5EB71D8808A0}"
EndProject
Project("{8BC9CEB8-8B4A-11D0-8D11-00A0C91BC942}") = "saga_engine", "saga_engine\saga_engine.vcxproj", "{63EF2037-A85A-4F80-AEA1-0313E0AF2941}"
	ProjectSection(WebsiteProperties) = preProject
		Debug.AspNetCompiler.Debug = "True"
		Release.AspNetCompiler.Debug = "False"
	EndProjectSection
EndProject
Project("{8BC9CEB8-8B4A-11D0-8D11-00A0C91BC942}") = "u2nt", "u2nt\u2nt.vcxproj", "{3D1FB042-E12E-414E-8C93-1B164E07F267}"
	ProjectSection(WebsiteProperties) = preProject
		Debug.AspNetCompiler.Debug = "True"
		Release.AspNetCompiler.Debug = "False"
	EndProjectSection
EndProject
Project("{8BC9CEB8-8B4A-11D0-8D11-00A0C91BC942}") = "filesystem", "file\file.vcxproj", "{501D3E3B-41EA-4346-8E7A-F539C99D7B7E}"
	ProjectSection(WebsiteProperties) = preProject
		Debug.AspNetCompiler.Debug = "True"
		Release.AspNetCompiler.Debug = "False"
	EndProjectSection
EndProject
Project("{8BC9CEB8-8B4A-11D0-8D11-00A0C91BC942}") = "replica", "logicalfile\logicalfile.vcxproj", "{7EBCB5A1-51C4-4EC2-A3AB-071841F8C221}"
	ProjectSection(WebsiteProperties) = preProject
		Debug.AspNetCompiler.Debug = "True"
		Release.AspNetCompiler.Debug = "False"
	EndProjectSection
EndProject
Project("{8BC9CEB8-8B4A-11D0-8D11-00A0C91BC942}") = "namespace", "namespace\namespace.vcxproj", "{17D6E56D-DD43-424B-A6B3-FB08FA49526E}"
	ProjectSection(WebsiteProperties) = preProject
		Debug.AspNetCompiler.Debug = "True"
		Release.AspNetCompiler.Debug = "False"
	EndProjectSection
EndProject
Project("{8BC9CEB8-8B4A-11D0-8D11-00A0C91BC942}") = "advert", "advert\advert.vcxproj", "{C98294A7-7CA5-438F-8BAF-EB5A5C6C5A54}"
	ProjectSection(WebsiteProperties) = preProject
		Debug.AspNetCompiler.Debug = "True"
		Release.AspNetCompiler.Debug = "False"
	EndProjectSection
EndProject
Project("{8BC9CEB8-8B4A-11D0-8D11-00A0C91BC942}") = "job", "job\job.vcxproj", "{BA90AA73-3027-4021-BB47-75DD956962DB}"
	ProjectSection(WebsiteProperties) = preProject
		Debug.AspNetCompiler.Debug = "True"
		Release.AspNetCompiler.Debug = "False"
	EndProjectSection
EndProject
Project("{8BC9CEB8-8B4A-11D0-8D11-00A0C91BC942}") = "rpc", "rpc\rpc.vcxproj", "{BD1B043D-5C5F-4B0E-A278-3D3CB66ABD87}"
	ProjectSection(WebsiteProperties) = preProject
		Debug.AspNetCompiler.Debug = "True"
		Release.AspNetCompiler.Debug = "False"
	EndProjectSection
EndProject
Project("{8BC9CEB8-8B4A-11D0-8D11-00A0C91BC942}") = "stream", "stream\stream.vcxproj", "{63D30A39-7ACC-49C1-BF7C-459C0BA59BE8}"
	ProjectSection(WebsiteProperties) = preProject
		Debug.AspNetCompiler.Debug = "True"
		Release.AspNetCompiler.Debug = "False"
	EndProjectSection
EndProject
Project("{8BC9CEB8-8B4A-11D0-8D11-00A0C91BC942}") = "soci_core", "soci_core\soci_core.vcxproj", "{E0B499ED-3017-402F-862B-6E96DF8A7721}"
	ProjectSection(WebsiteProperties) = preProject
		Debug.AspNetCompiler.Debug = "True"
		Release.AspNetCompiler.Debug = "False"
	EndProjectSection
EndProject
Project("{8BC9CEB8-8B4A-11D0-8D11-00A0C91BC942}") = "soci_sqlite3", "soci_sqlite3\soci_sqlite3.vcxproj", "{379A52AA-D4F3-4F52-900C-33FB8F4DE31C}"
	ProjectSection(WebsiteProperties) = preProject
		Debug.AspNetCompiler.Debug = "True"
		Release.AspNetCompiler.Debug = "False"
	EndProjectSection
EndProject
Project("{8BC9CEB8-8B4A-11D0-8D11-00A0C91BC942}") = "soci_postgresql", "soci_postgresql\soci_postgresql.vcxproj", "{DAFCC2E2-4CE7-4334-B298-664F429BDD4A}"
	ProjectSection(WebsiteProperties) = preProject
		Debug.AspNetCompiler.Debug = "True"
		Release.AspNetCompiler.Debug = "False"
	EndProjectSection
EndProject
Project("{8BC9CEB8-8B4A-11D0-8D11-00A0C91BC942}") = "test_saga_v2", "test_saga_v2\test_saga_v2.vcxproj", "{C55E414B-77AD-432D-BC15-095E6AC729C4}"
	ProjectSection(WebsiteProperties) = preProject
		Debug.AspNetCompiler.Debug = "True"
		Release.AspNetCompiler.Debug = "False"
	EndProjectSection
EndProject
Project("{8BC9CEB8-8B4A-11D0-8D11-00A0C91BC942}") = "test_helper", "test_helper\test_helper.vcxproj", "{D4CF7FEB-51E3-4435-9900-7FD47CDC9AFA}"
	ProjectSection(WebsiteProperties) = preProject
		Debug.AspNetCompiler.Debug = "True"
		Release.AspNetCompiler.Debug = "False"
	EndProjectSection
EndProject
Project("{8BC9CEB8-8B4A-11D0-8D11-00A0C91BC942}") = "sd", "sd\sd.vcxproj", "{CAE49DE7-B2CD-47A5-AB40-45217862406C}"
	ProjectSection(WebsiteProperties) = preProject
		Debug.AspNetCompiler.Debug = "True"
		Release.AspNetCompiler.Debug = "False"
	EndProjectSection
EndProject
Project("{8BC9CEB8-8B4A-11D0-8D11-00A0C91BC942}") = "create_static_adaptor_data", "create_static_adaptor_data\create_static_adaptor_data.vcxproj", "{22C343D0-7D06-4726-9CD0-DAD0464E86E4}"
	ProjectSection(WebsiteProperties) = preProject
		Debug.AspNetCompiler.Debug = "True"
		Release.AspNetCompiler.Debug = "False"
	EndProjectSection
EndProject
Project("{8BC9CEB8-8B4A-11D0-8D11-00A0C91BC942}") = "cpr", "cpr\cpr.vcxproj", "{3E2A2C6C-C615-4D51-AEC1-615E1BB7ED5C}"
EndProject
Project("{8BC9CEB8-8B4A-11D0-8D11-00A0C91BC942}") = "saga-advert", "saga-advert\saga-advert.vcxproj", "{6DF6C945-F5E1-4289-BD89-46DB6D727188}"
EndProject
Project("{8BC9CEB8-8B4A-11D0-8D11-00A0C91BC942}") = "saga-shell", "shell\shell.vcxproj", "{535CEAFC-D4D8-4D91-840C-232B95CB49F7}"
EndProject
Project("{8BC9CEB8-8B4A-11D0-8D11-00A0C91BC942}") = "saga-job", "saga-job\saga-job.vcxproj", "{8252A053-44A9-48E2-8134-534D5F796123}"
	ProjectSection(ProjectDependencies) = postProject
		{63EF2037-A85A-4F80-AEA1-0313E0AF2941} = {63EF2037-A85A-4F80-AEA1-0313E0AF2941}
		{BA90AA73-3027-4021-BB47-75DD956962DB} = {BA90AA73-3027-4021-BB47-75DD956962DB}
	EndProjectSection
EndProject
Project("{8BC9CEB8-8B4A-11D0-8D11-00A0C91BC942}") = "default_advert", "..\..\adaptors\default\project\VS.NET\default_advert\default_advert.vcxproj", "{9D0F253E-4057-49D0-A4E2-2A3097904FB8}"
EndProject
Project("{8BC9CEB8-8B4A-11D0-8D11-00A0C91BC942}") = "default_cpr", "..\..\adaptors\default\project\VS.NET\default_cpr\default_cpr.vcxproj", "{F29425A5-0612-4E59-9FC6-C199F564B102}"
EndProject
Project("{8BC9CEB8-8B4A-11D0-8D11-00A0C91BC942}") = "default_file", "..\..\adaptors\default\project\VS.NET\default_file\default_file.vcxproj", "{B21C9CA2-5B4A-4E6A-BF42-9F02EFAC6EF7}"
EndProject
Project("{8BC9CEB8-8B4A-11D0-8D11-00A0C91BC942}") = "default_job", "..\..\adaptors\default\project\VS.NET\default_job\default_job.vcxproj", "{5B3D7B8E-8916-4B19-B5E5-DFF96FB96444}"
EndProject
Project("{8BC9CEB8-8B4A-11D0-8D11-00A0C91BC942}") = "default_replica", "..\..\adaptors\default\project\VS.NET\default_replica\default_replica.vcxproj", "{67C5FED6-0B88-4ADE-B1A5-B406AE6EFCF1}"
EndProject
Project("{8BC9CEB8-8B4A-11D0-8D11-00A0C91BC942}") = "default_rpc", "..\..\adaptors\default\project\VS.NET\default_rpc\default_rpc.vcxproj", "{4C9131BB-42F8-4FCB-B6B2-163AC14C39F1}"
EndProject
Project("{8BC9CEB8-8B4A-11D0-8D11-00A0C91BC942}") = "default_sd", "..\..\adaptors\default\project\VS.NET\default_sd\default_sd.vcxproj", "{BE2C7017-C9FD-4B9E-A4E6-6F5B211208B3}"
EndProject
Project("{8BC9CEB8-8B4A-11D0-8D11-00A0C91BC942}") = "default_stream", "..\..\adaptors\default\project\VS.NET\default_stream\default_stream.vcxproj", "{7316CCC1-AD8D-4EBD-A018-4696952180E4}"
EndProject
Project("{8BC9CEB8-8B4A-11D0-8D11-00A0C91BC942}") = "saga-file", "saga-file\saga-file.vcxproj", "{0AF0C7AC-A1D0-4C5F-AC38-DDF5E13E9CBA}"
EndProject
Project("{8BC9CEB8-8B4A-11D0-8D11-00A0C91BC942}") = "stream_client", "stream_client\stream_client.vcxproj", "{720132F1-BD19-488C-AC6D-7BA58F70DCA9}"
EndProject
Project("{8BC9CEB8-8B4A-11D0-8D11-00A0C91BC942}") = "stream_server", "stream_server\stream_server.vcxproj", "{80C1627D-BA77-4FCD-B5C6-AACB8B1087FB}"
EndProject
Project("{8BC9CEB8-8B4A-11D0-8D11-00A0C91BC942}") = "local_url", "local_url\local_url.vcxproj", "{2673EF6B-D016-4D14-9EB0-0FA78F7147FB}"
EndProject
Project("{8BC9CEB8-8B4A-11D0-8D11-00A0C91BC942}") = "saga-replica", "saga-replica\saga-replica.vcxproj", "{B438DF03-7F7E-46F0-9AEE-F8EEF288C692}"
EndProject
Project("{8BC9CEB8-8B4A-11D0-8D11-00A0C91BC942}") = "saga-sd", "saga-sd\saga-sd.vcxproj", "{6AD1CD82-782A-4D75-BE30-71F136448E33}"
EndProject
Project("{8BC9CEB8-8B4A-11D0-8D11-00A0C91BC942}") = "saga_test", "saga_test\saga_test.vcxproj", "{BEE9BD0B-80E1-4B0C-BED8-27490E06D674}"
EndProject
Project("{8BC9CEB8-8B4A-11D0-8D11-00A0C91BC942}") = "isn", "isn\isn.vcxproj", "{FFE98ABB-195A-42D4-BDF7-934E5FDB9AE6}"
EndProject
Project("{8BC9CEB8-8B4A-11D0-8D11-00A0C91BC942}") = "Python.Engine", "..\..\..\saga_python\project\VS.NET\python_engine\engine.vcxproj", "{F4C47C1B-F515-4EF3-80E3-4A83EA47C9BA}"
EndProject
Project("{8BC9CEB8-8B4A-11D0-8D11-00A0C91BC942}") = "Python.Namespace", "..\..\..\saga_python\project\VS.NET\python_namespace\name_space.vcxproj", "{339455B8-36B5-4D19-B8CB-6435672CB069}"
EndProject
Project("{8BC9CEB8-8B4A-11D0-8D11-00A0C91BC942}") = "Python.Advert", "..\..\..\saga_python\project\VS.NET\python_advert\advert.vcxproj", "{DFCE40E7-D807-459C-A21A-80E940012C40}"
EndProject
Project("{8BC9CEB8-8B4A-11D0-8D11-00A0C91BC942}") = "Python.Cpr", "..\..\..\saga_python\project\VS.NET\python_cpr\cpr.vcxproj", "{1B376D3D-9DDE-4E84-B312-A96FA9E7B617}"
EndProject
Project("{8BC9CEB8-8B4A-11D0-8D11-00A0C91BC942}") = "Python.Filesystem", "..\..\..\saga_python\project\VS.NET\python_file\file.vcxproj", "{591A597B-37A3-4106-BFB3-A76B61C257E6}"
EndProject
Project("{8BC9CEB8-8B4A-11D0-8D11-00A0C91BC942}") = "Python.Job", "..\..\..\saga_python\project\VS.NET\python_job\job.vcxproj", "{07764437-69E8-4E53-9709-8D1589FC34AC}"
EndProject
Project("{8BC9CEB8-8B4A-11D0-8D11-00A0C91BC942}") = "Python.Replica", "..\..\..\saga_python\project\VS.NET\python_replica\replica.vcxproj", "{3C2A52F8-DE84-46B5-800B-96190670EC38}"
EndProject
Project("{8BC9CEB8-8B4A-11D0-8D11-00A0C91BC942}") = "Python.Sd", "..\..\..\saga_python\project\VS.NET\python_sd\sd.vcxproj", "{CA2B48F9-844F-4597-AD96-0CB1CF0B8576}"
EndProject
Project("{8BC9CEB8-8B4A-11D0-8D11-00A0C91BC942}") = "Python.Stream", "..\..\..\saga_python\project\VS.NET\python_stream\stream.vcxproj", "{65C4C33D-E1AB-476C-9803-4E5E10998073}"
EndProject
Project("{2150E333-8FDC-42A3-9474-1A3956D46DE8}") = "Python Packages", "Python Packages", "{7E31EB03-33D6-4E31-909C-8DCF9964E1FA}"
EndProject
Project("{2150E333-8FDC-42A3-9474-1A3956D46DE8}") = "Python", "Python", "{CEB45043-E069-4670-BDC5-DD6C4375F912}"
EndProject
Global
	GlobalSection(SolutionConfigurationPlatforms) = preSolution
		Debug Lib|Win32 = Debug Lib|Win32
		Debug Lib|x64 = Debug Lib|x64
		Debug|Win32 = Debug|Win32
		Debug|x64 = Debug|x64
		Release Lib|Win32 = Release Lib|Win32
		Release Lib|x64 = Release Lib|x64
		Release|Win32 = Release|Win32
		Release|x64 = Release|x64
		Template|Win32 = Template|Win32
		Template|x64 = Template|x64
	EndGlobalSection
	GlobalSection(ProjectConfigurationPlatforms) = postSolution
		{63EF2037-A85A-4F80-AEA1-0313E0AF2941}.Debug Lib|Win32.ActiveCfg = Debug Lib|Win32
		{63EF2037-A85A-4F80-AEA1-0313E0AF2941}.Debug Lib|Win32.Build.0 = Debug Lib|Win32
		{63EF2037-A85A-4F80-AEA1-0313E0AF2941}.Debug Lib|x64.ActiveCfg = Debug Lib|Win32
		{63EF2037-A85A-4F80-AEA1-0313E0AF2941}.Debug|Win32.ActiveCfg = Debug|Win32
		{63EF2037-A85A-4F80-AEA1-0313E0AF2941}.Debug|Win32.Build.0 = Debug|Win32
		{63EF2037-A85A-4F80-AEA1-0313E0AF2941}.Debug|x64.ActiveCfg = Debug|Win32
		{63EF2037-A85A-4F80-AEA1-0313E0AF2941}.Release Lib|Win32.ActiveCfg = Release Lib|Win32
		{63EF2037-A85A-4F80-AEA1-0313E0AF2941}.Release Lib|Win32.Build.0 = Release Lib|Win32
		{63EF2037-A85A-4F80-AEA1-0313E0AF2941}.Release Lib|x64.ActiveCfg = Release Lib|Win32
		{63EF2037-A85A-4F80-AEA1-0313E0AF2941}.Release|Win32.ActiveCfg = Release|Win32
		{63EF2037-A85A-4F80-AEA1-0313E0AF2941}.Release|Win32.Build.0 = Release|Win32
		{63EF2037-A85A-4F80-AEA1-0313E0AF2941}.Release|x64.ActiveCfg = Release|Win32
		{63EF2037-A85A-4F80-AEA1-0313E0AF2941}.Template|Win32.ActiveCfg = Release|x64
		{63EF2037-A85A-4F80-AEA1-0313E0AF2941}.Template|x64.ActiveCfg = Release|x64
		{63EF2037-A85A-4F80-AEA1-0313E0AF2941}.Template|x64.Build.0 = Release|x64
		{3D1FB042-E12E-414E-8C93-1B164E07F267}.Debug Lib|Win32.ActiveCfg = Debug Lib|Win32
		{3D1FB042-E12E-414E-8C93-1B164E07F267}.Debug Lib|Win32.Build.0 = Debug Lib|Win32
		{3D1FB042-E12E-414E-8C93-1B164E07F267}.Debug Lib|x64.ActiveCfg = Debug Lib|Win32
		{3D1FB042-E12E-414E-8C93-1B164E07F267}.Debug|Win32.ActiveCfg = Debug|Win32
		{3D1FB042-E12E-414E-8C93-1B164E07F267}.Debug|Win32.Build.0 = Debug|Win32
		{3D1FB042-E12E-414E-8C93-1B164E07F267}.Debug|x64.ActiveCfg = Debug|Win32
		{3D1FB042-E12E-414E-8C93-1B164E07F267}.Release Lib|Win32.ActiveCfg = Release Lib|Win32
		{3D1FB042-E12E-414E-8C93-1B164E07F267}.Release Lib|Win32.Build.0 = Release Lib|Win32
		{3D1FB042-E12E-414E-8C93-1B164E07F267}.Release Lib|x64.ActiveCfg = Release Lib|Win32
		{3D1FB042-E12E-414E-8C93-1B164E07F267}.Release|Win32.ActiveCfg = Release|Win32
		{3D1FB042-E12E-414E-8C93-1B164E07F267}.Release|Win32.Build.0 = Release|Win32
		{3D1FB042-E12E-414E-8C93-1B164E07F267}.Release|x64.ActiveCfg = Release|Win32
		{3D1FB042-E12E-414E-8C93-1B164E07F267}.Template|Win32.ActiveCfg = Release|x64
		{3D1FB042-E12E-414E-8C93-1B164E07F267}.Template|x64.ActiveCfg = Release|x64
		{3D1FB042-E12E-414E-8C93-1B164E07F267}.Template|x64.Build.0 = Release|x64
		{501D3E3B-41EA-4346-8E7A-F539C99D7B7E}.Debug Lib|Win32.ActiveCfg = Debug Lib|Win32
		{501D3E3B-41EA-4346-8E7A-F539C99D7B7E}.Debug Lib|Win32.Build.0 = Debug Lib|Win32
		{501D3E3B-41EA-4346-8E7A-F539C99D7B7E}.Debug Lib|x64.ActiveCfg = Debug Lib|Win32
		{501D3E3B-41EA-4346-8E7A-F539C99D7B7E}.Debug|Win32.ActiveCfg = Debug|Win32
		{501D3E3B-41EA-4346-8E7A-F539C99D7B7E}.Debug|Win32.Build.0 = Debug|Win32
		{501D3E3B-41EA-4346-8E7A-F539C99D7B7E}.Debug|x64.ActiveCfg = Debug|Win32
		{501D3E3B-41EA-4346-8E7A-F539C99D7B7E}.Release Lib|Win32.ActiveCfg = Release Lib|Win32
		{501D3E3B-41EA-4346-8E7A-F539C99D7B7E}.Release Lib|Win32.Build.0 = Release Lib|Win32
		{501D3E3B-41EA-4346-8E7A-F539C99D7B7E}.Release Lib|x64.ActiveCfg = Release Lib|Win32
		{501D3E3B-41EA-4346-8E7A-F539C99D7B7E}.Release|Win32.ActiveCfg = Release|Win32
		{501D3E3B-41EA-4346-8E7A-F539C99D7B7E}.Release|Win32.Build.0 = Release|Win32
		{501D3E3B-41EA-4346-8E7A-F539C99D7B7E}.Release|x64.ActiveCfg = Release|Win32
		{501D3E3B-41EA-4346-8E7A-F539C99D7B7E}.Template|Win32.ActiveCfg = Release|x64
		{501D3E3B-41EA-4346-8E7A-F539C99D7B7E}.Template|x64.ActiveCfg = Release|x64
		{501D3E3B-41EA-4346-8E7A-F539C99D7B7E}.Template|x64.Build.0 = Release|x64
		{7EBCB5A1-51C4-4EC2-A3AB-071841F8C221}.Debug Lib|Win32.ActiveCfg = Debug Lib|Win32
		{7EBCB5A1-51C4-4EC2-A3AB-071841F8C221}.Debug Lib|Win32.Build.0 = Debug Lib|Win32
		{7EBCB5A1-51C4-4EC2-A3AB-071841F8C221}.Debug Lib|x64.ActiveCfg = Debug Lib|Win32
		{7EBCB5A1-51C4-4EC2-A3AB-071841F8C221}.Debug|Win32.ActiveCfg = Debug|Win32
		{7EBCB5A1-51C4-4EC2-A3AB-071841F8C221}.Debug|Win32.Build.0 = Debug|Win32
		{7EBCB5A1-51C4-4EC2-A3AB-071841F8C221}.Debug|x64.ActiveCfg = Debug|Win32
		{7EBCB5A1-51C4-4EC2-A3AB-071841F8C221}.Release Lib|Win32.ActiveCfg = Release Lib|Win32
		{7EBCB5A1-51C4-4EC2-A3AB-071841F8C221}.Release Lib|Win32.Build.0 = Release Lib|Win32
		{7EBCB5A1-51C4-4EC2-A3AB-071841F8C221}.Release Lib|x64.ActiveCfg = Release Lib|Win32
		{7EBCB5A1-51C4-4EC2-A3AB-071841F8C221}.Release|Win32.ActiveCfg = Release|Win32
		{7EBCB5A1-51C4-4EC2-A3AB-071841F8C221}.Release|Win32.Build.0 = Release|Win32
		{7EBCB5A1-51C4-4EC2-A3AB-071841F8C221}.Release|x64.ActiveCfg = Release|Win32
		{7EBCB5A1-51C4-4EC2-A3AB-071841F8C221}.Template|Win32.ActiveCfg = Release|x64
		{7EBCB5A1-51C4-4EC2-A3AB-071841F8C221}.Template|x64.ActiveCfg = Release|x64
		{7EBCB5A1-51C4-4EC2-A3AB-071841F8C221}.Template|x64.Build.0 = Release|x64
		{17D6E56D-DD43-424B-A6B3-FB08FA49526E}.Debug Lib|Win32.ActiveCfg = Debug Lib|Win32
		{17D6E56D-DD43-424B-A6B3-FB08FA49526E}.Debug Lib|Win32.Build.0 = Debug Lib|Win32
		{17D6E56D-DD43-424B-A6B3-FB08FA49526E}.Debug Lib|x64.ActiveCfg = Debug Lib|Win32
		{17D6E56D-DD43-424B-A6B3-FB08FA49526E}.Debug|Win32.ActiveCfg = Debug|Win32
		{17D6E56D-DD43-424B-A6B3-FB08FA49526E}.Debug|Win32.Build.0 = Debug|Win32
		{17D6E56D-DD43-424B-A6B3-FB08FA49526E}.Debug|x64.ActiveCfg = Debug|Win32
		{17D6E56D-DD43-424B-A6B3-FB08FA49526E}.Release Lib|Win32.ActiveCfg = Release Lib|Win32
		{17D6E56D-DD43-424B-A6B3-FB08FA49526E}.Release Lib|Win32.Build.0 = Release Lib|Win32
		{17D6E56D-DD43-424B-A6B3-FB08FA49526E}.Release Lib|x64.ActiveCfg = Release Lib|Win32
		{17D6E56D-DD43-424B-A6B3-FB08FA49526E}.Release|Win32.ActiveCfg = Release|Win32
		{17D6E56D-DD43-424B-A6B3-FB08FA49526E}.Release|Win32.Build.0 = Release|Win32
		{17D6E56D-DD43-424B-A6B3-FB08FA49526E}.Release|x64.ActiveCfg = Release|Win32
		{17D6E56D-DD43-424B-A6B3-FB08FA49526E}.Template|Win32.ActiveCfg = Release|x64
		{17D6E56D-DD43-424B-A6B3-FB08FA49526E}.Template|x64.ActiveCfg = Release|x64
		{17D6E56D-DD43-424B-A6B3-FB08FA49526E}.Template|x64.Build.0 = Release|x64
		{C98294A7-7CA5-438F-8BAF-EB5A5C6C5A54}.Debug Lib|Win32.ActiveCfg = Debug Lib|Win32
		{C98294A7-7CA5-438F-8BAF-EB5A5C6C5A54}.Debug Lib|Win32.Build.0 = Debug Lib|Win32
		{C98294A7-7CA5-438F-8BAF-EB5A5C6C5A54}.Debug Lib|x64.ActiveCfg = Debug Lib|Win32
		{C98294A7-7CA5-438F-8BAF-EB5A5C6C5A54}.Debug|Win32.ActiveCfg = Debug|Win32
		{C98294A7-7CA5-438F-8BAF-EB5A5C6C5A54}.Debug|Win32.Build.0 = Debug|Win32
		{C98294A7-7CA5-438F-8BAF-EB5A5C6C5A54}.Debug|x64.ActiveCfg = Debug|Win32
		{C98294A7-7CA5-438F-8BAF-EB5A5C6C5A54}.Release Lib|Win32.ActiveCfg = Release Lib|Win32
		{C98294A7-7CA5-438F-8BAF-EB5A5C6C5A54}.Release Lib|Win32.Build.0 = Release Lib|Win32
		{C98294A7-7CA5-438F-8BAF-EB5A5C6C5A54}.Release Lib|x64.ActiveCfg = Release Lib|Win32
		{C98294A7-7CA5-438F-8BAF-EB5A5C6C5A54}.Release|Win32.ActiveCfg = Release|Win32
		{C98294A7-7CA5-438F-8BAF-EB5A5C6C5A54}.Release|Win32.Build.0 = Release|Win32
		{C98294A7-7CA5-438F-8BAF-EB5A5C6C5A54}.Release|x64.ActiveCfg = Release|Win32
		{C98294A7-7CA5-438F-8BAF-EB5A5C6C5A54}.Template|Win32.ActiveCfg = Release|x64
		{C98294A7-7CA5-438F-8BAF-EB5A5C6C5A54}.Template|x64.ActiveCfg = Release|x64
		{C98294A7-7CA5-438F-8BAF-EB5A5C6C5A54}.Template|x64.Build.0 = Release|x64
		{BA90AA73-3027-4021-BB47-75DD956962DB}.Debug Lib|Win32.ActiveCfg = Debug Lib|Win32
		{BA90AA73-3027-4021-BB47-75DD956962DB}.Debug Lib|Win32.Build.0 = Debug Lib|Win32
		{BA90AA73-3027-4021-BB47-75DD956962DB}.Debug Lib|x64.ActiveCfg = Debug Lib|Win32
		{BA90AA73-3027-4021-BB47-75DD956962DB}.Debug|Win32.ActiveCfg = Debug|Win32
		{BA90AA73-3027-4021-BB47-75DD956962DB}.Debug|Win32.Build.0 = Debug|Win32
		{BA90AA73-3027-4021-BB47-75DD956962DB}.Debug|x64.ActiveCfg = Debug|Win32
		{BA90AA73-3027-4021-BB47-75DD956962DB}.Release Lib|Win32.ActiveCfg = Release Lib|Win32
		{BA90AA73-3027-4021-BB47-75DD956962DB}.Release Lib|Win32.Build.0 = Release Lib|Win32
		{BA90AA73-3027-4021-BB47-75DD956962DB}.Release Lib|x64.ActiveCfg = Release Lib|Win32
		{BA90AA73-3027-4021-BB47-75DD956962DB}.Release|Win32.ActiveCfg = Release|Win32
		{BA90AA73-3027-4021-BB47-75DD956962DB}.Release|Win32.Build.0 = Release|Win32
		{BA90AA73-3027-4021-BB47-75DD956962DB}.Release|x64.ActiveCfg = Release|Win32
		{BA90AA73-3027-4021-BB47-75DD956962DB}.Template|Win32.ActiveCfg = Release|x64
		{BA90AA73-3027-4021-BB47-75DD956962DB}.Template|x64.ActiveCfg = Release|x64
		{BA90AA73-3027-4021-BB47-75DD956962DB}.Template|x64.Build.0 = Release|x64
		{BD1B043D-5C5F-4B0E-A278-3D3CB66ABD87}.Debug Lib|Win32.ActiveCfg = Debug Lib|Win32
		{BD1B043D-5C5F-4B0E-A278-3D3CB66ABD87}.Debug Lib|Win32.Build.0 = Debug Lib|Win32
		{BD1B043D-5C5F-4B0E-A278-3D3CB66ABD87}.Debug Lib|x64.ActiveCfg = Debug Lib|Win32
		{BD1B043D-5C5F-4B0E-A278-3D3CB66ABD87}.Debug|Win32.ActiveCfg = Debug|Win32
		{BD1B043D-5C5F-4B0E-A278-3D3CB66ABD87}.Debug|Win32.Build.0 = Debug|Win32
		{BD1B043D-5C5F-4B0E-A278-3D3CB66ABD87}.Debug|x64.ActiveCfg = Debug|Win32
		{BD1B043D-5C5F-4B0E-A278-3D3CB66ABD87}.Release Lib|Win32.ActiveCfg = Release Lib|Win32
		{BD1B043D-5C5F-4B0E-A278-3D3CB66ABD87}.Release Lib|Win32.Build.0 = Release Lib|Win32
		{BD1B043D-5C5F-4B0E-A278-3D3CB66ABD87}.Release Lib|x64.ActiveCfg = Release Lib|Win32
		{BD1B043D-5C5F-4B0E-A278-3D3CB66ABD87}.Release|Win32.ActiveCfg = Release|Win32
		{BD1B043D-5C5F-4B0E-A278-3D3CB66ABD87}.Release|Win32.Build.0 = Release|Win32
		{BD1B043D-5C5F-4B0E-A278-3D3CB66ABD87}.Release|x64.ActiveCfg = Release|Win32
		{BD1B043D-5C5F-4B0E-A278-3D3CB66ABD87}.Template|Win32.ActiveCfg = Release|x64
		{BD1B043D-5C5F-4B0E-A278-3D3CB66ABD87}.Template|x64.ActiveCfg = Release|x64
		{BD1B043D-5C5F-4B0E-A278-3D3CB66ABD87}.Template|x64.Build.0 = Release|x64
		{63D30A39-7ACC-49C1-BF7C-459C0BA59BE8}.Debug Lib|Win32.ActiveCfg = Debug Lib|Win32
		{63D30A39-7ACC-49C1-BF7C-459C0BA59BE8}.Debug Lib|Win32.Build.0 = Debug Lib|Win32
		{63D30A39-7ACC-49C1-BF7C-459C0BA59BE8}.Debug Lib|x64.ActiveCfg = Debug Lib|Win32
		{63D30A39-7ACC-49C1-BF7C-459C0BA59BE8}.Debug|Win32.ActiveCfg = Debug|Win32
		{63D30A39-7ACC-49C1-BF7C-459C0BA59BE8}.Debug|Win32.Build.0 = Debug|Win32
		{63D30A39-7ACC-49C1-BF7C-459C0BA59BE8}.Debug|x64.ActiveCfg = Debug|Win32
		{63D30A39-7ACC-49C1-BF7C-459C0BA59BE8}.Release Lib|Win32.ActiveCfg = Release Lib|Win32
		{63D30A39-7ACC-49C1-BF7C-459C0BA59BE8}.Release Lib|Win32.Build.0 = Release Lib|Win32
		{63D30A39-7ACC-49C1-BF7C-459C0BA59BE8}.Release Lib|x64.ActiveCfg = Release Lib|Win32
		{63D30A39-7ACC-49C1-BF7C-459C0BA59BE8}.Release|Win32.ActiveCfg = Release|Win32
		{63D30A39-7ACC-49C1-BF7C-459C0BA59BE8}.Release|Win32.Build.0 = Release|Win32
		{63D30A39-7ACC-49C1-BF7C-459C0BA59BE8}.Release|x64.ActiveCfg = Release|Win32
		{63D30A39-7ACC-49C1-BF7C-459C0BA59BE8}.Template|Win32.ActiveCfg = Release|x64
		{63D30A39-7ACC-49C1-BF7C-459C0BA59BE8}.Template|x64.ActiveCfg = Release|x64
		{63D30A39-7ACC-49C1-BF7C-459C0BA59BE8}.Template|x64.Build.0 = Release|x64
		{E0B499ED-3017-402F-862B-6E96DF8A7721}.Debug Lib|Win32.ActiveCfg = Debug Lib|Win32
		{E0B499ED-3017-402F-862B-6E96DF8A7721}.Debug Lib|Win32.Build.0 = Debug Lib|Win32
		{E0B499ED-3017-402F-862B-6E96DF8A7721}.Debug Lib|x64.ActiveCfg = Debug Lib|Win32
		{E0B499ED-3017-402F-862B-6E96DF8A7721}.Debug|Win32.ActiveCfg = Debug|Win32
		{E0B499ED-3017-402F-862B-6E96DF8A7721}.Debug|Win32.Build.0 = Debug|Win32
		{E0B499ED-3017-402F-862B-6E96DF8A7721}.Debug|x64.ActiveCfg = Debug|Win32
		{E0B499ED-3017-402F-862B-6E96DF8A7721}.Release Lib|Win32.ActiveCfg = Release Lib|Win32
		{E0B499ED-3017-402F-862B-6E96DF8A7721}.Release Lib|Win32.Build.0 = Release Lib|Win32
		{E0B499ED-3017-402F-862B-6E96DF8A7721}.Release Lib|x64.ActiveCfg = Release Lib|Win32
		{E0B499ED-3017-402F-862B-6E96DF8A7721}.Release|Win32.ActiveCfg = Release|Win32
		{E0B499ED-3017-402F-862B-6E96DF8A7721}.Release|Win32.Build.0 = Release|Win32
		{E0B499ED-3017-402F-862B-6E96DF8A7721}.Release|x64.ActiveCfg = Release|Win32
		{E0B499ED-3017-402F-862B-6E96DF8A7721}.Template|Win32.ActiveCfg = Release|x64
		{E0B499ED-3017-402F-862B-6E96DF8A7721}.Template|x64.ActiveCfg = Release|x64
		{E0B499ED-3017-402F-862B-6E96DF8A7721}.Template|x64.Build.0 = Release|x64
		{379A52AA-D4F3-4F52-900C-33FB8F4DE31C}.Debug Lib|Win32.ActiveCfg = Debug Lib|Win32
		{379A52AA-D4F3-4F52-900C-33FB8F4DE31C}.Debug Lib|Win32.Build.0 = Debug Lib|Win32
		{379A52AA-D4F3-4F52-900C-33FB8F4DE31C}.Debug Lib|x64.ActiveCfg = Debug Lib|Win32
		{379A52AA-D4F3-4F52-900C-33FB8F4DE31C}.Debug|Win32.ActiveCfg = Debug|Win32
		{379A52AA-D4F3-4F52-900C-33FB8F4DE31C}.Debug|Win32.Build.0 = Debug|Win32
		{379A52AA-D4F3-4F52-900C-33FB8F4DE31C}.Debug|x64.ActiveCfg = Debug|Win32
		{379A52AA-D4F3-4F52-900C-33FB8F4DE31C}.Release Lib|Win32.ActiveCfg = Release Lib|Win32
		{379A52AA-D4F3-4F52-900C-33FB8F4DE31C}.Release Lib|Win32.Build.0 = Release Lib|Win32
		{379A52AA-D4F3-4F52-900C-33FB8F4DE31C}.Release Lib|x64.ActiveCfg = Release Lib|Win32
		{379A52AA-D4F3-4F52-900C-33FB8F4DE31C}.Release|Win32.ActiveCfg = Release|Win32
		{379A52AA-D4F3-4F52-900C-33FB8F4DE31C}.Release|Win32.Build.0 = Release|Win32
		{379A52AA-D4F3-4F52-900C-33FB8F4DE31C}.Release|x64.ActiveCfg = Release|Win32
		{379A52AA-D4F3-4F52-900C-33FB8F4DE31C}.Template|Win32.ActiveCfg = Release|x64
		{379A52AA-D4F3-4F52-900C-33FB8F4DE31C}.Template|x64.ActiveCfg = Release|x64
		{379A52AA-D4F3-4F52-900C-33FB8F4DE31C}.Template|x64.Build.0 = Release|x64
		{DAFCC2E2-4CE7-4334-B298-664F429BDD4A}.Debug Lib|Win32.ActiveCfg = Debug Lib|Win32
		{DAFCC2E2-4CE7-4334-B298-664F429BDD4A}.Debug Lib|Win32.Build.0 = Debug Lib|Win32
		{DAFCC2E2-4CE7-4334-B298-664F429BDD4A}.Debug Lib|x64.ActiveCfg = Debug Lib|Win32
		{DAFCC2E2-4CE7-4334-B298-664F429BDD4A}.Debug|Win32.ActiveCfg = Debug|Win32
		{DAFCC2E2-4CE7-4334-B298-664F429BDD4A}.Debug|Win32.Build.0 = Debug|Win32
		{DAFCC2E2-4CE7-4334-B298-664F429BDD4A}.Debug|x64.ActiveCfg = Debug|Win32
		{DAFCC2E2-4CE7-4334-B298-664F429BDD4A}.Release Lib|Win32.ActiveCfg = Release Lib|Win32
		{DAFCC2E2-4CE7-4334-B298-664F429BDD4A}.Release Lib|Win32.Build.0 = Release Lib|Win32
		{DAFCC2E2-4CE7-4334-B298-664F429BDD4A}.Release Lib|x64.ActiveCfg = Release Lib|Win32
		{DAFCC2E2-4CE7-4334-B298-664F429BDD4A}.Release|Win32.ActiveCfg = Release|Win32
		{DAFCC2E2-4CE7-4334-B298-664F429BDD4A}.Release|Win32.Build.0 = Release|Win32
		{DAFCC2E2-4CE7-4334-B298-664F429BDD4A}.Release|x64.ActiveCfg = Release|Win32
		{DAFCC2E2-4CE7-4334-B298-664F429BDD4A}.Template|Win32.ActiveCfg = Release|x64
		{DAFCC2E2-4CE7-4334-B298-664F429BDD4A}.Template|x64.ActiveCfg = Release|x64
		{DAFCC2E2-4CE7-4334-B298-664F429BDD4A}.Template|x64.Build.0 = Release|x64
		{C55E414B-77AD-432D-BC15-095E6AC729C4}.Debug Lib|Win32.ActiveCfg = Debug Lib|Win32
		{C55E414B-77AD-432D-BC15-095E6AC729C4}.Debug Lib|Win32.Build.0 = Debug Lib|Win32
		{C55E414B-77AD-432D-BC15-095E6AC729C4}.Debug Lib|x64.ActiveCfg = Debug Lib|Win32
		{C55E414B-77AD-432D-BC15-095E6AC729C4}.Debug|Win32.ActiveCfg = Debug|Win32
		{C55E414B-77AD-432D-BC15-095E6AC729C4}.Debug|Win32.Build.0 = Debug|Win32
		{C55E414B-77AD-432D-BC15-095E6AC729C4}.Debug|x64.ActiveCfg = Debug|Win32
		{C55E414B-77AD-432D-BC15-095E6AC729C4}.Release Lib|Win32.ActiveCfg = Release Lib|Win32
		{C55E414B-77AD-432D-BC15-095E6AC729C4}.Release Lib|Win32.Build.0 = Release Lib|Win32
		{C55E414B-77AD-432D-BC15-095E6AC729C4}.Release Lib|x64.ActiveCfg = Release Lib|Win32
		{C55E414B-77AD-432D-BC15-095E6AC729C4}.Release|Win32.ActiveCfg = Release|Win32
		{C55E414B-77AD-432D-BC15-095E6AC729C4}.Release|Win32.Build.0 = Release|Win32
		{C55E414B-77AD-432D-BC15-095E6AC729C4}.Release|x64.ActiveCfg = Release|Win32
		{C55E414B-77AD-432D-BC15-095E6AC729C4}.Template|Win32.ActiveCfg = Release|x64
		{C55E414B-77AD-432D-BC15-095E6AC729C4}.Template|x64.ActiveCfg = Release|x64
		{C55E414B-77AD-432D-BC15-095E6AC729C4}.Template|x64.Build.0 = Release|x64
		{D4CF7FEB-51E3-4435-9900-7FD47CDC9AFA}.Debug Lib|Win32.ActiveCfg = Debug Lib|Win32
		{D4CF7FEB-51E3-4435-9900-7FD47CDC9AFA}.Debug Lib|Win32.Build.0 = Debug Lib|Win32
		{D4CF7FEB-51E3-4435-9900-7FD47CDC9AFA}.Debug Lib|x64.ActiveCfg = Debug Lib|Win32
		{D4CF7FEB-51E3-4435-9900-7FD47CDC9AFA}.Debug|Win32.ActiveCfg = Debug|Win32
		{D4CF7FEB-51E3-4435-9900-7FD47CDC9AFA}.Debug|Win32.Build.0 = Debug|Win32
		{D4CF7FEB-51E3-4435-9900-7FD47CDC9AFA}.Debug|x64.ActiveCfg = Debug|Win32
		{D4CF7FEB-51E3-4435-9900-7FD47CDC9AFA}.Release Lib|Win32.ActiveCfg = Release Lib|Win32
		{D4CF7FEB-51E3-4435-9900-7FD47CDC9AFA}.Release Lib|Win32.Build.0 = Release Lib|Win32
		{D4CF7FEB-51E3-4435-9900-7FD47CDC9AFA}.Release Lib|x64.ActiveCfg = Release Lib|Win32
		{D4CF7FEB-51E3-4435-9900-7FD47CDC9AFA}.Release|Win32.ActiveCfg = Release|Win32
		{D4CF7FEB-51E3-4435-9900-7FD47CDC9AFA}.Release|Win32.Build.0 = Release|Win32
		{D4CF7FEB-51E3-4435-9900-7FD47CDC9AFA}.Release|x64.ActiveCfg = Release|Win32
		{D4CF7FEB-51E3-4435-9900-7FD47CDC9AFA}.Template|Win32.ActiveCfg = Release|Win32
		{D4CF7FEB-51E3-4435-9900-7FD47CDC9AFA}.Template|x64.ActiveCfg = Release|Win32
		{CAE49DE7-B2CD-47A5-AB40-45217862406C}.Debug Lib|Win32.ActiveCfg = Debug Lib|Win32
		{CAE49DE7-B2CD-47A5-AB40-45217862406C}.Debug Lib|Win32.Build.0 = Debug Lib|Win32
		{CAE49DE7-B2CD-47A5-AB40-45217862406C}.Debug Lib|x64.ActiveCfg = Debug Lib|Win32
		{CAE49DE7-B2CD-47A5-AB40-45217862406C}.Debug|Win32.ActiveCfg = Debug|Win32
		{CAE49DE7-B2CD-47A5-AB40-45217862406C}.Debug|Win32.Build.0 = Debug|Win32
		{CAE49DE7-B2CD-47A5-AB40-45217862406C}.Debug|x64.ActiveCfg = Debug|Win32
		{CAE49DE7-B2CD-47A5-AB40-45217862406C}.Release Lib|Win32.ActiveCfg = Release Lib|Win32
		{CAE49DE7-B2CD-47A5-AB40-45217862406C}.Release Lib|Win32.Build.0 = Release Lib|Win32
		{CAE49DE7-B2CD-47A5-AB40-45217862406C}.Release Lib|x64.ActiveCfg = Release Lib|Win32
		{CAE49DE7-B2CD-47A5-AB40-45217862406C}.Release|Win32.ActiveCfg = Release|Win32
		{CAE49DE7-B2CD-47A5-AB40-45217862406C}.Release|Win32.Build.0 = Release|Win32
		{CAE49DE7-B2CD-47A5-AB40-45217862406C}.Release|x64.ActiveCfg = Release|Win32
		{CAE49DE7-B2CD-47A5-AB40-45217862406C}.Template|Win32.ActiveCfg = Release|Win32
		{CAE49DE7-B2CD-47A5-AB40-45217862406C}.Template|Win32.Build.0 = Release|Win32
		{CAE49DE7-B2CD-47A5-AB40-45217862406C}.Template|x64.ActiveCfg = Release|Win32
		{22C343D0-7D06-4726-9CD0-DAD0464E86E4}.Debug Lib|Win32.ActiveCfg = Debug|Win32
		{22C343D0-7D06-4726-9CD0-DAD0464E86E4}.Debug Lib|Win32.Build.0 = Debug|Win32
		{22C343D0-7D06-4726-9CD0-DAD0464E86E4}.Debug Lib|x64.ActiveCfg = Debug|Win32
		{22C343D0-7D06-4726-9CD0-DAD0464E86E4}.Debug|Win32.ActiveCfg = Debug|Win32
		{22C343D0-7D06-4726-9CD0-DAD0464E86E4}.Debug|x64.ActiveCfg = Debug|Win32
		{22C343D0-7D06-4726-9CD0-DAD0464E86E4}.Release Lib|Win32.ActiveCfg = Release|Win32
		{22C343D0-7D06-4726-9CD0-DAD0464E86E4}.Release Lib|Win32.Build.0 = Release|Win32
		{22C343D0-7D06-4726-9CD0-DAD0464E86E4}.Release Lib|x64.ActiveCfg = Release|Win32
		{22C343D0-7D06-4726-9CD0-DAD0464E86E4}.Release|Win32.ActiveCfg = Release|Win32
		{22C343D0-7D06-4726-9CD0-DAD0464E86E4}.Release|Win32.Build.0 = Release|Win32
		{22C343D0-7D06-4726-9CD0-DAD0464E86E4}.Release|x64.ActiveCfg = Release|Win32
		{22C343D0-7D06-4726-9CD0-DAD0464E86E4}.Template|Win32.ActiveCfg = Release|Win32
		{22C343D0-7D06-4726-9CD0-DAD0464E86E4}.Template|Win32.Build.0 = Release|Win32
		{22C343D0-7D06-4726-9CD0-DAD0464E86E4}.Template|x64.ActiveCfg = Release|Win32
		{3E2A2C6C-C615-4D51-AEC1-615E1BB7ED5C}.Debug Lib|Win32.ActiveCfg = Debug|Win32
		{3E2A2C6C-C615-4D51-AEC1-615E1BB7ED5C}.Debug Lib|Win32.Build.0 = Debug|Win32
		{3E2A2C6C-C615-4D51-AEC1-615E1BB7ED5C}.Debug Lib|x64.ActiveCfg = Debug|Win32
		{3E2A2C6C-C615-4D51-AEC1-615E1BB7ED5C}.Debug|Win32.ActiveCfg = Debug|Win32
		{3E2A2C6C-C615-4D51-AEC1-615E1BB7ED5C}.Debug|Win32.Build.0 = Debug|Win32
		{3E2A2C6C-C615-4D51-AEC1-615E1BB7ED5C}.Debug|x64.ActiveCfg = Debug|Win32
		{3E2A2C6C-C615-4D51-AEC1-615E1BB7ED5C}.Release Lib|Win32.ActiveCfg = Release|Win32
		{3E2A2C6C-C615-4D51-AEC1-615E1BB7ED5C}.Release Lib|Win32.Build.0 = Release|Win32
		{3E2A2C6C-C615-4D51-AEC1-615E1BB7ED5C}.Release Lib|x64.ActiveCfg = Release|Win32
		{3E2A2C6C-C615-4D51-AEC1-615E1BB7ED5C}.Release|Win32.ActiveCfg = Release|Win32
		{3E2A2C6C-C615-4D51-AEC1-615E1BB7ED5C}.Release|Win32.Build.0 = Release|Win32
		{3E2A2C6C-C615-4D51-AEC1-615E1BB7ED5C}.Release|x64.ActiveCfg = Release|Win32
		{3E2A2C6C-C615-4D51-AEC1-615E1BB7ED5C}.Template|Win32.ActiveCfg = Release|Win32
		{3E2A2C6C-C615-4D51-AEC1-615E1BB7ED5C}.Template|Win32.Build.0 = Release|Win32
		{3E2A2C6C-C615-4D51-AEC1-615E1BB7ED5C}.Template|x64.ActiveCfg = Release|Win32
		{6DF6C945-F5E1-4289-BD89-46DB6D727188}.Debug Lib|Win32.ActiveCfg = Debug Lib|Win32
		{6DF6C945-F5E1-4289-BD89-46DB6D727188}.Debug Lib|Win32.Build.0 = Debug Lib|Win32
		{6DF6C945-F5E1-4289-BD89-46DB6D727188}.Debug Lib|x64.ActiveCfg = Debug Lib|Win32
		{6DF6C945-F5E1-4289-BD89-46DB6D727188}.Debug|Win32.ActiveCfg = Debug|Win32
		{6DF6C945-F5E1-4289-BD89-46DB6D727188}.Debug|Win32.Build.0 = Debug|Win32
		{6DF6C945-F5E1-4289-BD89-46DB6D727188}.Debug|x64.ActiveCfg = Debug|Win32
		{6DF6C945-F5E1-4289-BD89-46DB6D727188}.Release Lib|Win32.ActiveCfg = Release Lib|Win32
		{6DF6C945-F5E1-4289-BD89-46DB6D727188}.Release Lib|Win32.Build.0 = Release Lib|Win32
		{6DF6C945-F5E1-4289-BD89-46DB6D727188}.Release Lib|x64.ActiveCfg = Release Lib|Win32
		{6DF6C945-F5E1-4289-BD89-46DB6D727188}.Release|Win32.ActiveCfg = Release|Win32
		{6DF6C945-F5E1-4289-BD89-46DB6D727188}.Release|Win32.Build.0 = Release|Win32
		{6DF6C945-F5E1-4289-BD89-46DB6D727188}.Release|x64.ActiveCfg = Release|Win32
		{6DF6C945-F5E1-4289-BD89-46DB6D727188}.Template|Win32.ActiveCfg = Release|Win32
		{6DF6C945-F5E1-4289-BD89-46DB6D727188}.Template|Win32.Build.0 = Release|Win32
		{6DF6C945-F5E1-4289-BD89-46DB6D727188}.Template|x64.ActiveCfg = Release|Win32
		{535CEAFC-D4D8-4D91-840C-232B95CB49F7}.Debug Lib|Win32.ActiveCfg = Debug Lib|Win32
		{535CEAFC-D4D8-4D91-840C-232B95CB49F7}.Debug Lib|Win32.Build.0 = Debug Lib|Win32
		{535CEAFC-D4D8-4D91-840C-232B95CB49F7}.Debug Lib|x64.ActiveCfg = Debug Lib|Win32
		{535CEAFC-D4D8-4D91-840C-232B95CB49F7}.Debug|Win32.ActiveCfg = Debug|Win32
		{535CEAFC-D4D8-4D91-840C-232B95CB49F7}.Debug|Win32.Build.0 = Debug|Win32
		{535CEAFC-D4D8-4D91-840C-232B95CB49F7}.Debug|x64.ActiveCfg = Debug|Win32
		{535CEAFC-D4D8-4D91-840C-232B95CB49F7}.Release Lib|Win32.ActiveCfg = Release Lib|Win32
		{535CEAFC-D4D8-4D91-840C-232B95CB49F7}.Release Lib|Win32.Build.0 = Release Lib|Win32
		{535CEAFC-D4D8-4D91-840C-232B95CB49F7}.Release Lib|x64.ActiveCfg = Release Lib|Win32
		{535CEAFC-D4D8-4D91-840C-232B95CB49F7}.Release|Win32.ActiveCfg = Release|Win32
		{535CEAFC-D4D8-4D91-840C-232B95CB49F7}.Release|Win32.Build.0 = Release|Win32
		{535CEAFC-D4D8-4D91-840C-232B95CB49F7}.Release|x64.ActiveCfg = Release|Win32
		{535CEAFC-D4D8-4D91-840C-232B95CB49F7}.Template|Win32.ActiveCfg = Release|x64
		{535CEAFC-D4D8-4D91-840C-232B95CB49F7}.Template|x64.ActiveCfg = Release|x64
		{535CEAFC-D4D8-4D91-840C-232B95CB49F7}.Template|x64.Build.0 = Release|x64
		{8252A053-44A9-48E2-8134-534D5F796123}.Debug Lib|Win32.ActiveCfg = Debug|Win32
		{8252A053-44A9-48E2-8134-534D5F796123}.Debug Lib|Win32.Build.0 = Debug|Win32
		{8252A053-44A9-48E2-8134-534D5F796123}.Debug Lib|x64.ActiveCfg = Debug|Win32
		{8252A053-44A9-48E2-8134-534D5F796123}.Debug|Win32.ActiveCfg = Debug|Win32
		{8252A053-44A9-48E2-8134-534D5F796123}.Debug|Win32.Build.0 = Debug|Win32
		{8252A053-44A9-48E2-8134-534D5F796123}.Debug|x64.ActiveCfg = Debug|Win32
		{8252A053-44A9-48E2-8134-534D5F796123}.Release Lib|Win32.ActiveCfg = Release|Win32
		{8252A053-44A9-48E2-8134-534D5F796123}.Release Lib|Win32.Build.0 = Release|Win32
		{8252A053-44A9-48E2-8134-534D5F796123}.Release Lib|x64.ActiveCfg = Release|Win32
		{8252A053-44A9-48E2-8134-534D5F796123}.Release|Win32.ActiveCfg = Release|Win32
		{8252A053-44A9-48E2-8134-534D5F796123}.Release|Win32.Build.0 = Release|Win32
		{8252A053-44A9-48E2-8134-534D5F796123}.Release|x64.ActiveCfg = Release|Win32
		{8252A053-44A9-48E2-8134-534D5F796123}.Template|Win32.ActiveCfg = Release|Win32
		{8252A053-44A9-48E2-8134-534D5F796123}.Template|Win32.Build.0 = Release|Win32
		{8252A053-44A9-48E2-8134-534D5F796123}.Template|x64.ActiveCfg = Release|Win32
		{9D0F253E-4057-49D0-A4E2-2A3097904FB8}.Debug Lib|Win32.ActiveCfg = Debug Lib|Win32
		{9D0F253E-4057-49D0-A4E2-2A3097904FB8}.Debug Lib|Win32.Build.0 = Debug Lib|Win32
		{9D0F253E-4057-49D0-A4E2-2A3097904FB8}.Debug Lib|x64.ActiveCfg = Debug Lib|Win32
		{9D0F253E-4057-49D0-A4E2-2A3097904FB8}.Debug|Win32.ActiveCfg = Debug|Win32
		{9D0F253E-4057-49D0-A4E2-2A3097904FB8}.Debug|Win32.Build.0 = Debug|Win32
		{9D0F253E-4057-49D0-A4E2-2A3097904FB8}.Debug|x64.ActiveCfg = Debug|Win32
		{9D0F253E-4057-49D0-A4E2-2A3097904FB8}.Release Lib|Win32.ActiveCfg = Release Lib|Win32
		{9D0F253E-4057-49D0-A4E2-2A3097904FB8}.Release Lib|Win32.Build.0 = Release Lib|Win32
		{9D0F253E-4057-49D0-A4E2-2A3097904FB8}.Release Lib|x64.ActiveCfg = Release Lib|Win32
		{9D0F253E-4057-49D0-A4E2-2A3097904FB8}.Release|Win32.ActiveCfg = Release|Win32
		{9D0F253E-4057-49D0-A4E2-2A3097904FB8}.Release|Win32.Build.0 = Release|Win32
		{9D0F253E-4057-49D0-A4E2-2A3097904FB8}.Release|x64.ActiveCfg = Release|Win32
		{9D0F253E-4057-49D0-A4E2-2A3097904FB8}.Template|Win32.ActiveCfg = Release|x64
		{9D0F253E-4057-49D0-A4E2-2A3097904FB8}.Template|x64.ActiveCfg = Release|x64
		{9D0F253E-4057-49D0-A4E2-2A3097904FB8}.Template|x64.Build.0 = Release|x64
		{F29425A5-0612-4E59-9FC6-C199F564B102}.Debug Lib|Win32.ActiveCfg = Debug Lib|Win32
		{F29425A5-0612-4E59-9FC6-C199F564B102}.Debug Lib|Win32.Build.0 = Debug Lib|Win32
		{F29425A5-0612-4E59-9FC6-C199F564B102}.Debug Lib|x64.ActiveCfg = Debug Lib|Win32
		{F29425A5-0612-4E59-9FC6-C199F564B102}.Debug|Win32.ActiveCfg = Debug|Win32
		{F29425A5-0612-4E59-9FC6-C199F564B102}.Debug|Win32.Build.0 = Debug|Win32
		{F29425A5-0612-4E59-9FC6-C199F564B102}.Debug|x64.ActiveCfg = Debug|Win32
		{F29425A5-0612-4E59-9FC6-C199F564B102}.Release Lib|Win32.ActiveCfg = Release Lib|Win32
		{F29425A5-0612-4E59-9FC6-C199F564B102}.Release Lib|Win32.Build.0 = Release Lib|Win32
		{F29425A5-0612-4E59-9FC6-C199F564B102}.Release Lib|x64.ActiveCfg = Release Lib|Win32
		{F29425A5-0612-4E59-9FC6-C199F564B102}.Release|Win32.ActiveCfg = Release|Win32
		{F29425A5-0612-4E59-9FC6-C199F564B102}.Release|Win32.Build.0 = Release|Win32
		{F29425A5-0612-4E59-9FC6-C199F564B102}.Release|x64.ActiveCfg = Release|Win32
		{F29425A5-0612-4E59-9FC6-C199F564B102}.Template|Win32.ActiveCfg = Release|Win32
		{F29425A5-0612-4E59-9FC6-C199F564B102}.Template|Win32.Build.0 = Release|Win32
		{F29425A5-0612-4E59-9FC6-C199F564B102}.Template|x64.ActiveCfg = Release|Win32
		{B21C9CA2-5B4A-4E6A-BF42-9F02EFAC6EF7}.Debug Lib|Win32.ActiveCfg = Debug Lib|Win32
		{B21C9CA2-5B4A-4E6A-BF42-9F02EFAC6EF7}.Debug Lib|Win32.Build.0 = Debug Lib|Win32
		{B21C9CA2-5B4A-4E6A-BF42-9F02EFAC6EF7}.Debug Lib|x64.ActiveCfg = Debug Lib|Win32
		{B21C9CA2-5B4A-4E6A-BF42-9F02EFAC6EF7}.Debug|Win32.ActiveCfg = Debug|Win32
		{B21C9CA2-5B4A-4E6A-BF42-9F02EFAC6EF7}.Debug|Win32.Build.0 = Debug|Win32
		{B21C9CA2-5B4A-4E6A-BF42-9F02EFAC6EF7}.Debug|x64.ActiveCfg = Debug|Win32
		{B21C9CA2-5B4A-4E6A-BF42-9F02EFAC6EF7}.Release Lib|Win32.ActiveCfg = Release Lib|Win32
		{B21C9CA2-5B4A-4E6A-BF42-9F02EFAC6EF7}.Release Lib|Win32.Build.0 = Release Lib|Win32
		{B21C9CA2-5B4A-4E6A-BF42-9F02EFAC6EF7}.Release Lib|x64.ActiveCfg = Release Lib|Win32
		{B21C9CA2-5B4A-4E6A-BF42-9F02EFAC6EF7}.Release|Win32.ActiveCfg = Release|Win32
		{B21C9CA2-5B4A-4E6A-BF42-9F02EFAC6EF7}.Release|Win32.Build.0 = Release|Win32
		{B21C9CA2-5B4A-4E6A-BF42-9F02EFAC6EF7}.Release|x64.ActiveCfg = Release|Win32
		{B21C9CA2-5B4A-4E6A-BF42-9F02EFAC6EF7}.Template|Win32.ActiveCfg = Release|x64
		{B21C9CA2-5B4A-4E6A-BF42-9F02EFAC6EF7}.Template|x64.ActiveCfg = Release|x64
		{B21C9CA2-5B4A-4E6A-BF42-9F02EFAC6EF7}.Template|x64.Build.0 = Release|x64
		{5B3D7B8E-8916-4B19-B5E5-DFF96FB96444}.Debug Lib|Win32.ActiveCfg = Debug Lib|Win32
		{5B3D7B8E-8916-4B19-B5E5-DFF96FB96444}.Debug Lib|Win32.Build.0 = Debug Lib|Win32
		{5B3D7B8E-8916-4B19-B5E5-DFF96FB96444}.Debug Lib|x64.ActiveCfg = Debug Lib|Win32
		{5B3D7B8E-8916-4B19-B5E5-DFF96FB96444}.Debug|Win32.ActiveCfg = Debug|Win32
		{5B3D7B8E-8916-4B19-B5E5-DFF96FB96444}.Debug|Win32.Build.0 = Debug|Win32
		{5B3D7B8E-8916-4B19-B5E5-DFF96FB96444}.Debug|x64.ActiveCfg = Debug|Win32
		{5B3D7B8E-8916-4B19-B5E5-DFF96FB96444}.Release Lib|Win32.ActiveCfg = Release Lib|Win32
		{5B3D7B8E-8916-4B19-B5E5-DFF96FB96444}.Release Lib|Win32.Build.0 = Release Lib|Win32
		{5B3D7B8E-8916-4B19-B5E5-DFF96FB96444}.Release Lib|x64.ActiveCfg = Release Lib|Win32
		{5B3D7B8E-8916-4B19-B5E5-DFF96FB96444}.Release|Win32.ActiveCfg = Release|Win32
		{5B3D7B8E-8916-4B19-B5E5-DFF96FB96444}.Release|Win32.Build.0 = Release|Win32
		{5B3D7B8E-8916-4B19-B5E5-DFF96FB96444}.Release|x64.ActiveCfg = Release|Win32
		{5B3D7B8E-8916-4B19-B5E5-DFF96FB96444}.Template|Win32.ActiveCfg = Release|x64
		{5B3D7B8E-8916-4B19-B5E5-DFF96FB96444}.Template|x64.ActiveCfg = Release|x64
		{5B3D7B8E-8916-4B19-B5E5-DFF96FB96444}.Template|x64.Build.0 = Release|x64
		{67C5FED6-0B88-4ADE-B1A5-B406AE6EFCF1}.Debug Lib|Win32.ActiveCfg = Debug Lib|Win32
		{67C5FED6-0B88-4ADE-B1A5-B406AE6EFCF1}.Debug Lib|Win32.Build.0 = Debug Lib|Win32
		{67C5FED6-0B88-4ADE-B1A5-B406AE6EFCF1}.Debug Lib|x64.ActiveCfg = Debug Lib|Win32
		{67C5FED6-0B88-4ADE-B1A5-B406AE6EFCF1}.Debug|Win32.ActiveCfg = Debug|Win32
		{67C5FED6-0B88-4ADE-B1A5-B406AE6EFCF1}.Debug|Win32.Build.0 = Debug|Win32
		{67C5FED6-0B88-4ADE-B1A5-B406AE6EFCF1}.Debug|x64.ActiveCfg = Debug|Win32
		{67C5FED6-0B88-4ADE-B1A5-B406AE6EFCF1}.Release Lib|Win32.ActiveCfg = Release Lib|Win32
		{67C5FED6-0B88-4ADE-B1A5-B406AE6EFCF1}.Release Lib|Win32.Build.0 = Release Lib|Win32
		{67C5FED6-0B88-4ADE-B1A5-B406AE6EFCF1}.Release Lib|x64.ActiveCfg = Release Lib|Win32
		{67C5FED6-0B88-4ADE-B1A5-B406AE6EFCF1}.Release|Win32.ActiveCfg = Release|Win32
		{67C5FED6-0B88-4ADE-B1A5-B406AE6EFCF1}.Release|Win32.Build.0 = Release|Win32
		{67C5FED6-0B88-4ADE-B1A5-B406AE6EFCF1}.Release|x64.ActiveCfg = Release|Win32
		{67C5FED6-0B88-4ADE-B1A5-B406AE6EFCF1}.Template|Win32.ActiveCfg = Release|x64
		{67C5FED6-0B88-4ADE-B1A5-B406AE6EFCF1}.Template|x64.ActiveCfg = Release|x64
		{67C5FED6-0B88-4ADE-B1A5-B406AE6EFCF1}.Template|x64.Build.0 = Release|x64
		{4C9131BB-42F8-4FCB-B6B2-163AC14C39F1}.Debug Lib|Win32.ActiveCfg = Debug Lib|Win32
		{4C9131BB-42F8-4FCB-B6B2-163AC14C39F1}.Debug Lib|Win32.Build.0 = Debug Lib|Win32
		{4C9131BB-42F8-4FCB-B6B2-163AC14C39F1}.Debug Lib|x64.ActiveCfg = Debug Lib|Win32
		{4C9131BB-42F8-4FCB-B6B2-163AC14C39F1}.Debug|Win32.ActiveCfg = Debug|Win32
		{4C9131BB-42F8-4FCB-B6B2-163AC14C39F1}.Debug|x64.ActiveCfg = Debug|Win32
		{4C9131BB-42F8-4FCB-B6B2-163AC14C39F1}.Release Lib|Win32.ActiveCfg = Release Lib|Win32
		{4C9131BB-42F8-4FCB-B6B2-163AC14C39F1}.Release Lib|Win32.Build.0 = Release Lib|Win32
		{4C9131BB-42F8-4FCB-B6B2-163AC14C39F1}.Release Lib|x64.ActiveCfg = Release Lib|Win32
		{4C9131BB-42F8-4FCB-B6B2-163AC14C39F1}.Release|Win32.ActiveCfg = Release|Win32
		{4C9131BB-42F8-4FCB-B6B2-163AC14C39F1}.Release|Win32.Build.0 = Release|Win32
		{4C9131BB-42F8-4FCB-B6B2-163AC14C39F1}.Release|x64.ActiveCfg = Release|Win32
		{4C9131BB-42F8-4FCB-B6B2-163AC14C39F1}.Template|Win32.ActiveCfg = Release|x64
		{4C9131BB-42F8-4FCB-B6B2-163AC14C39F1}.Template|x64.ActiveCfg = Release|x64
		{4C9131BB-42F8-4FCB-B6B2-163AC14C39F1}.Template|x64.Build.0 = Release|x64
		{BE2C7017-C9FD-4B9E-A4E6-6F5B211208B3}.Debug Lib|Win32.ActiveCfg = Debug Lib|Win32
		{BE2C7017-C9FD-4B9E-A4E6-6F5B211208B3}.Debug Lib|Win32.Build.0 = Debug Lib|Win32
		{BE2C7017-C9FD-4B9E-A4E6-6F5B211208B3}.Debug Lib|x64.ActiveCfg = Debug Lib|Win32
		{BE2C7017-C9FD-4B9E-A4E6-6F5B211208B3}.Debug|Win32.ActiveCfg = Debug|Win32
		{BE2C7017-C9FD-4B9E-A4E6-6F5B211208B3}.Debug|Win32.Build.0 = Debug|Win32
		{BE2C7017-C9FD-4B9E-A4E6-6F5B211208B3}.Debug|x64.ActiveCfg = Debug|Win32
		{BE2C7017-C9FD-4B9E-A4E6-6F5B211208B3}.Release Lib|Win32.ActiveCfg = Release Lib|Win32
		{BE2C7017-C9FD-4B9E-A4E6-6F5B211208B3}.Release Lib|Win32.Build.0 = Release Lib|Win32
		{BE2C7017-C9FD-4B9E-A4E6-6F5B211208B3}.Release Lib|x64.ActiveCfg = Release Lib|Win32
		{BE2C7017-C9FD-4B9E-A4E6-6F5B211208B3}.Release|Win32.ActiveCfg = Release|Win32
		{BE2C7017-C9FD-4B9E-A4E6-6F5B211208B3}.Release|Win32.Build.0 = Release|Win32
		{BE2C7017-C9FD-4B9E-A4E6-6F5B211208B3}.Release|x64.ActiveCfg = Release|Win32
		{BE2C7017-C9FD-4B9E-A4E6-6F5B211208B3}.Template|Win32.ActiveCfg = Release|Win32
		{BE2C7017-C9FD-4B9E-A4E6-6F5B211208B3}.Template|Win32.Build.0 = Release|Win32
		{BE2C7017-C9FD-4B9E-A4E6-6F5B211208B3}.Template|x64.ActiveCfg = Release|Win32
		{7316CCC1-AD8D-4EBD-A018-4696952180E4}.Debug Lib|Win32.ActiveCfg = Debug Lib|Win32
		{7316CCC1-AD8D-4EBD-A018-4696952180E4}.Debug Lib|Win32.Build.0 = Debug Lib|Win32
		{7316CCC1-AD8D-4EBD-A018-4696952180E4}.Debug Lib|x64.ActiveCfg = Debug Lib|Win32
		{7316CCC1-AD8D-4EBD-A018-4696952180E4}.Debug|Win32.ActiveCfg = Debug|Win32
		{7316CCC1-AD8D-4EBD-A018-4696952180E4}.Debug|Win32.Build.0 = Debug|Win32
		{7316CCC1-AD8D-4EBD-A018-4696952180E4}.Debug|x64.ActiveCfg = Debug|Win32
		{7316CCC1-AD8D-4EBD-A018-4696952180E4}.Release Lib|Win32.ActiveCfg = Release Lib|Win32
		{7316CCC1-AD8D-4EBD-A018-4696952180E4}.Release Lib|Win32.Build.0 = Release Lib|Win32
		{7316CCC1-AD8D-4EBD-A018-4696952180E4}.Release Lib|x64.ActiveCfg = Release Lib|Win32
		{7316CCC1-AD8D-4EBD-A018-4696952180E4}.Release|Win32.ActiveCfg = Release|Win32
		{7316CCC1-AD8D-4EBD-A018-4696952180E4}.Release|Win32.Build.0 = Release|Win32
		{7316CCC1-AD8D-4EBD-A018-4696952180E4}.Release|x64.ActiveCfg = Release|Win32
		{7316CCC1-AD8D-4EBD-A018-4696952180E4}.Template|Win32.ActiveCfg = Release|x64
		{7316CCC1-AD8D-4EBD-A018-4696952180E4}.Template|x64.ActiveCfg = Release|x64
		{7316CCC1-AD8D-4EBD-A018-4696952180E4}.Template|x64.Build.0 = Release|x64
		{0AF0C7AC-A1D0-4C5F-AC38-DDF5E13E9CBA}.Debug Lib|Win32.ActiveCfg = Debug Lib|Win32
		{0AF0C7AC-A1D0-4C5F-AC38-DDF5E13E9CBA}.Debug Lib|Win32.Build.0 = Debug Lib|Win32
		{0AF0C7AC-A1D0-4C5F-AC38-DDF5E13E9CBA}.Debug Lib|x64.ActiveCfg = Debug Lib|Win32
		{0AF0C7AC-A1D0-4C5F-AC38-DDF5E13E9CBA}.Debug|Win32.ActiveCfg = Debug|Win32
		{0AF0C7AC-A1D0-4C5F-AC38-DDF5E13E9CBA}.Debug|Win32.Build.0 = Debug|Win32
		{0AF0C7AC-A1D0-4C5F-AC38-DDF5E13E9CBA}.Debug|x64.ActiveCfg = Debug|Win32
		{0AF0C7AC-A1D0-4C5F-AC38-DDF5E13E9CBA}.Release Lib|Win32.ActiveCfg = Release Lib|Win32
		{0AF0C7AC-A1D0-4C5F-AC38-DDF5E13E9CBA}.Release Lib|Win32.Build.0 = Release Lib|Win32
		{0AF0C7AC-A1D0-4C5F-AC38-DDF5E13E9CBA}.Release Lib|x64.ActiveCfg = Release Lib|Win32
		{0AF0C7AC-A1D0-4C5F-AC38-DDF5E13E9CBA}.Release|Win32.ActiveCfg = Release|Win32
		{0AF0C7AC-A1D0-4C5F-AC38-DDF5E13E9CBA}.Release|Win32.Build.0 = Release|Win32
		{0AF0C7AC-A1D0-4C5F-AC38-DDF5E13E9CBA}.Release|x64.ActiveCfg = Release|Win32
		{0AF0C7AC-A1D0-4C5F-AC38-DDF5E13E9CBA}.Template|Win32.ActiveCfg = Release|Win32
		{0AF0C7AC-A1D0-4C5F-AC38-DDF5E13E9CBA}.Template|Win32.Build.0 = Release|Win32
		{0AF0C7AC-A1D0-4C5F-AC38-DDF5E13E9CBA}.Template|x64.ActiveCfg = Release|Win32
		{720132F1-BD19-488C-AC6D-7BA58F70DCA9}.Debug Lib|Win32.ActiveCfg = Debug Lib|Win32
		{720132F1-BD19-488C-AC6D-7BA58F70DCA9}.Debug Lib|Win32.Build.0 = Debug Lib|Win32
		{720132F1-BD19-488C-AC6D-7BA58F70DCA9}.Debug Lib|x64.ActiveCfg = Debug Lib|x64
		{720132F1-BD19-488C-AC6D-7BA58F70DCA9}.Debug Lib|x64.Build.0 = Debug Lib|x64
		{720132F1-BD19-488C-AC6D-7BA58F70DCA9}.Debug|Win32.ActiveCfg = Debug|Win32
		{720132F1-BD19-488C-AC6D-7BA58F70DCA9}.Debug|Win32.Build.0 = Debug|Win32
		{720132F1-BD19-488C-AC6D-7BA58F70DCA9}.Debug|x64.ActiveCfg = Debug|x64
		{720132F1-BD19-488C-AC6D-7BA58F70DCA9}.Debug|x64.Build.0 = Debug|x64
		{720132F1-BD19-488C-AC6D-7BA58F70DCA9}.Release Lib|Win32.ActiveCfg = Release Lib|Win32
		{720132F1-BD19-488C-AC6D-7BA58F70DCA9}.Release Lib|Win32.Build.0 = Release Lib|Win32
		{720132F1-BD19-488C-AC6D-7BA58F70DCA9}.Release Lib|x64.ActiveCfg = Release Lib|x64
		{720132F1-BD19-488C-AC6D-7BA58F70DCA9}.Release Lib|x64.Build.0 = Release Lib|x64
		{720132F1-BD19-488C-AC6D-7BA58F70DCA9}.Release|Win32.ActiveCfg = Release|Win32
		{720132F1-BD19-488C-AC6D-7BA58F70DCA9}.Release|Win32.Build.0 = Release|Win32
		{720132F1-BD19-488C-AC6D-7BA58F70DCA9}.Release|x64.ActiveCfg = Release|x64
		{720132F1-BD19-488C-AC6D-7BA58F70DCA9}.Release|x64.Build.0 = Release|x64
		{720132F1-BD19-488C-AC6D-7BA58F70DCA9}.Template|Win32.ActiveCfg = Release|x64
		{720132F1-BD19-488C-AC6D-7BA58F70DCA9}.Template|x64.ActiveCfg = Release|x64
		{720132F1-BD19-488C-AC6D-7BA58F70DCA9}.Template|x64.Build.0 = Release|x64
		{80C1627D-BA77-4FCD-B5C6-AACB8B1087FB}.Debug Lib|Win32.ActiveCfg = Debug Lib|Win32
		{80C1627D-BA77-4FCD-B5C6-AACB8B1087FB}.Debug Lib|Win32.Build.0 = Debug Lib|Win32
		{80C1627D-BA77-4FCD-B5C6-AACB8B1087FB}.Debug Lib|x64.ActiveCfg = Debug Lib|x64
		{80C1627D-BA77-4FCD-B5C6-AACB8B1087FB}.Debug Lib|x64.Build.0 = Debug Lib|x64
		{80C1627D-BA77-4FCD-B5C6-AACB8B1087FB}.Debug|Win32.ActiveCfg = Debug|Win32
		{80C1627D-BA77-4FCD-B5C6-AACB8B1087FB}.Debug|Win32.Build.0 = Debug|Win32
		{80C1627D-BA77-4FCD-B5C6-AACB8B1087FB}.Debug|x64.ActiveCfg = Debug|x64
		{80C1627D-BA77-4FCD-B5C6-AACB8B1087FB}.Debug|x64.Build.0 = Debug|x64
		{80C1627D-BA77-4FCD-B5C6-AACB8B1087FB}.Release Lib|Win32.ActiveCfg = Release Lib|Win32
		{80C1627D-BA77-4FCD-B5C6-AACB8B1087FB}.Release Lib|Win32.Build.0 = Release Lib|Win32
		{80C1627D-BA77-4FCD-B5C6-AACB8B1087FB}.Release Lib|x64.ActiveCfg = Release Lib|x64
		{80C1627D-BA77-4FCD-B5C6-AACB8B1087FB}.Release Lib|x64.Build.0 = Release Lib|x64
		{80C1627D-BA77-4FCD-B5C6-AACB8B1087FB}.Release|Win32.ActiveCfg = Release|Win32
		{80C1627D-BA77-4FCD-B5C6-AACB8B1087FB}.Release|Win32.Build.0 = Release|Win32
		{80C1627D-BA77-4FCD-B5C6-AACB8B1087FB}.Release|x64.ActiveCfg = Release|x64
		{80C1627D-BA77-4FCD-B5C6-AACB8B1087FB}.Release|x64.Build.0 = Release|x64
		{80C1627D-BA77-4FCD-B5C6-AACB8B1087FB}.Template|Win32.ActiveCfg = Release|x64
		{80C1627D-BA77-4FCD-B5C6-AACB8B1087FB}.Template|x64.ActiveCfg = Release|x64
		{80C1627D-BA77-4FCD-B5C6-AACB8B1087FB}.Template|x64.Build.0 = Release|x64
		{2673EF6B-D016-4D14-9EB0-0FA78F7147FB}.Debug Lib|Win32.ActiveCfg = Debug|Win32
		{2673EF6B-D016-4D14-9EB0-0FA78F7147FB}.Debug Lib|Win32.Build.0 = Debug|Win32
		{2673EF6B-D016-4D14-9EB0-0FA78F7147FB}.Debug Lib|x64.ActiveCfg = Debug|Win32
		{2673EF6B-D016-4D14-9EB0-0FA78F7147FB}.Debug|Win32.ActiveCfg = Debug|Win32
		{2673EF6B-D016-4D14-9EB0-0FA78F7147FB}.Debug|Win32.Build.0 = Debug|Win32
		{2673EF6B-D016-4D14-9EB0-0FA78F7147FB}.Debug|x64.ActiveCfg = Debug|Win32
		{2673EF6B-D016-4D14-9EB0-0FA78F7147FB}.Release Lib|Win32.ActiveCfg = Release|Win32
		{2673EF6B-D016-4D14-9EB0-0FA78F7147FB}.Release Lib|Win32.Build.0 = Release|Win32
		{2673EF6B-D016-4D14-9EB0-0FA78F7147FB}.Release Lib|x64.ActiveCfg = Release|Win32
		{2673EF6B-D016-4D14-9EB0-0FA78F7147FB}.Release|Win32.ActiveCfg = Release|Win32
		{2673EF6B-D016-4D14-9EB0-0FA78F7147FB}.Release|Win32.Build.0 = Release|Win32
		{2673EF6B-D016-4D14-9EB0-0FA78F7147FB}.Release|x64.ActiveCfg = Release|Win32
		{2673EF6B-D016-4D14-9EB0-0FA78F7147FB}.Template|Win32.ActiveCfg = Release|Win32
		{2673EF6B-D016-4D14-9EB0-0FA78F7147FB}.Template|Win32.Build.0 = Release|Win32
		{2673EF6B-D016-4D14-9EB0-0FA78F7147FB}.Template|x64.ActiveCfg = Release|Win32
		{B438DF03-7F7E-46F0-9AEE-F8EEF288C692}.Debug Lib|Win32.ActiveCfg = Debug Lib|Win32
		{B438DF03-7F7E-46F0-9AEE-F8EEF288C692}.Debug Lib|Win32.Build.0 = Debug Lib|Win32
		{B438DF03-7F7E-46F0-9AEE-F8EEF288C692}.Debug Lib|x64.ActiveCfg = Debug Lib|Win32
		{B438DF03-7F7E-46F0-9AEE-F8EEF288C692}.Debug|Win32.ActiveCfg = Debug|Win32
		{B438DF03-7F7E-46F0-9AEE-F8EEF288C692}.Debug|Win32.Build.0 = Debug|Win32
		{B438DF03-7F7E-46F0-9AEE-F8EEF288C692}.Debug|x64.ActiveCfg = Debug|Win32
		{B438DF03-7F7E-46F0-9AEE-F8EEF288C692}.Release Lib|Win32.ActiveCfg = Release Lib|Win32
		{B438DF03-7F7E-46F0-9AEE-F8EEF288C692}.Release Lib|Win32.Build.0 = Release Lib|Win32
		{B438DF03-7F7E-46F0-9AEE-F8EEF288C692}.Release Lib|x64.ActiveCfg = Release Lib|Win32
		{B438DF03-7F7E-46F0-9AEE-F8EEF288C692}.Release|Win32.ActiveCfg = Release|Win32
		{B438DF03-7F7E-46F0-9AEE-F8EEF288C692}.Release|Win32.Build.0 = Release|Win32
		{B438DF03-7F7E-46F0-9AEE-F8EEF288C692}.Release|x64.ActiveCfg = Release|Win32
		{B438DF03-7F7E-46F0-9AEE-F8EEF288C692}.Template|Win32.ActiveCfg = Release|Win32
		{B438DF03-7F7E-46F0-9AEE-F8EEF288C692}.Template|Win32.Build.0 = Release|Win32
		{B438DF03-7F7E-46F0-9AEE-F8EEF288C692}.Template|x64.ActiveCfg = Release|Win32
		{6AD1CD82-782A-4D75-BE30-71F136448E33}.Debug Lib|Win32.ActiveCfg = Debug|Win32
		{6AD1CD82-782A-4D75-BE30-71F136448E33}.Debug Lib|Win32.Build.0 = Debug|Win32
		{6AD1CD82-782A-4D75-BE30-71F136448E33}.Debug Lib|x64.ActiveCfg = Debug|Win32
		{6AD1CD82-782A-4D75-BE30-71F136448E33}.Debug|Win32.ActiveCfg = Debug|Win32
		{6AD1CD82-782A-4D75-BE30-71F136448E33}.Debug|Win32.Build.0 = Debug|Win32
		{6AD1CD82-782A-4D75-BE30-71F136448E33}.Debug|x64.ActiveCfg = Debug|Win32
		{6AD1CD82-782A-4D75-BE30-71F136448E33}.Release Lib|Win32.ActiveCfg = Release|Win32
		{6AD1CD82-782A-4D75-BE30-71F136448E33}.Release Lib|Win32.Build.0 = Release|Win32
		{6AD1CD82-782A-4D75-BE30-71F136448E33}.Release Lib|x64.ActiveCfg = Release|Win32
		{6AD1CD82-782A-4D75-BE30-71F136448E33}.Release|Win32.ActiveCfg = Release|Win32
		{6AD1CD82-782A-4D75-BE30-71F136448E33}.Release|Win32.Build.0 = Release|Win32
		{6AD1CD82-782A-4D75-BE30-71F136448E33}.Release|x64.ActiveCfg = Release|Win32
		{6AD1CD82-782A-4D75-BE30-71F136448E33}.Template|Win32.ActiveCfg = Release|Win32
		{6AD1CD82-782A-4D75-BE30-71F136448E33}.Template|Win32.Build.0 = Release|Win32
		{6AD1CD82-782A-4D75-BE30-71F136448E33}.Template|x64.ActiveCfg = Release|Win32
		{BEE9BD0B-80E1-4B0C-BED8-27490E06D674}.Debug Lib|Win32.ActiveCfg = Debug|Win32
		{BEE9BD0B-80E1-4B0C-BED8-27490E06D674}.Debug Lib|Win32.Build.0 = Debug|Win32
		{BEE9BD0B-80E1-4B0C-BED8-27490E06D674}.Debug Lib|x64.ActiveCfg = Debug|Win32
		{BEE9BD0B-80E1-4B0C-BED8-27490E06D674}.Debug|Win32.ActiveCfg = Debug|Win32
		{BEE9BD0B-80E1-4B0C-BED8-27490E06D674}.Debug|Win32.Build.0 = Debug|Win32
		{BEE9BD0B-80E1-4B0C-BED8-27490E06D674}.Debug|x64.ActiveCfg = Debug|Win32
		{BEE9BD0B-80E1-4B0C-BED8-27490E06D674}.Release Lib|Win32.ActiveCfg = Release|Win32
		{BEE9BD0B-80E1-4B0C-BED8-27490E06D674}.Release Lib|Win32.Build.0 = Release|Win32
		{BEE9BD0B-80E1-4B0C-BED8-27490E06D674}.Release Lib|x64.ActiveCfg = Release|Win32
		{BEE9BD0B-80E1-4B0C-BED8-27490E06D674}.Release|Win32.ActiveCfg = Release|Win32
		{BEE9BD0B-80E1-4B0C-BED8-27490E06D674}.Release|Win32.Build.0 = Release|Win32
		{BEE9BD0B-80E1-4B0C-BED8-27490E06D674}.Release|x64.ActiveCfg = Release|Win32
		{BEE9BD0B-80E1-4B0C-BED8-27490E06D674}.Template|Win32.ActiveCfg = Release|Win32
		{BEE9BD0B-80E1-4B0C-BED8-27490E06D674}.Template|Win32.Build.0 = Release|Win32
		{BEE9BD0B-80E1-4B0C-BED8-27490E06D674}.Template|x64.ActiveCfg = Release|Win32
		{FFE98ABB-195A-42D4-BDF7-934E5FDB9AE6}.Debug Lib|Win32.ActiveCfg = Debug|Win32
		{FFE98ABB-195A-42D4-BDF7-934E5FDB9AE6}.Debug Lib|Win32.Build.0 = Debug|Win32
		{FFE98ABB-195A-42D4-BDF7-934E5FDB9AE6}.Debug Lib|x64.ActiveCfg = Debug|Win32
		{FFE98ABB-195A-42D4-BDF7-934E5FDB9AE6}.Debug|Win32.ActiveCfg = Debug|Win32
		{FFE98ABB-195A-42D4-BDF7-934E5FDB9AE6}.Debug|Win32.Build.0 = Debug|Win32
		{FFE98ABB-195A-42D4-BDF7-934E5FDB9AE6}.Debug|x64.ActiveCfg = Debug|Win32
		{FFE98ABB-195A-42D4-BDF7-934E5FDB9AE6}.Release Lib|Win32.ActiveCfg = Release|Win32
		{FFE98ABB-195A-42D4-BDF7-934E5FDB9AE6}.Release Lib|Win32.Build.0 = Release|Win32
		{FFE98ABB-195A-42D4-BDF7-934E5FDB9AE6}.Release Lib|x64.ActiveCfg = Release|Win32
		{FFE98ABB-195A-42D4-BDF7-934E5FDB9AE6}.Release|Win32.ActiveCfg = Release|Win32
		{FFE98ABB-195A-42D4-BDF7-934E5FDB9AE6}.Release|Win32.Build.0 = Release|Win32
		{FFE98ABB-195A-42D4-BDF7-934E5FDB9AE6}.Release|x64.ActiveCfg = Release|Win32
		{FFE98ABB-195A-42D4-BDF7-934E5FDB9AE6}.Template|Win32.ActiveCfg = Release|Win32
		{FFE98ABB-195A-42D4-BDF7-934E5FDB9AE6}.Template|Win32.Build.0 = Release|Win32
		{FFE98ABB-195A-42D4-BDF7-934E5FDB9AE6}.Template|x64.ActiveCfg = Release|Win32
		{F4C47C1B-F515-4EF3-80E3-4A83EA47C9BA}.Debug Lib|Win32.ActiveCfg = Debug Lib|Win32
		{F4C47C1B-F515-4EF3-80E3-4A83EA47C9BA}.Debug Lib|Win32.Build.0 = Debug Lib|Win32
		{F4C47C1B-F515-4EF3-80E3-4A83EA47C9BA}.Debug Lib|x64.ActiveCfg = Debug Lib|Win32
		{F4C47C1B-F515-4EF3-80E3-4A83EA47C9BA}.Debug|Win32.ActiveCfg = Debug|Win32
		{F4C47C1B-F515-4EF3-80E3-4A83EA47C9BA}.Debug|Win32.Build.0 = Debug|Win32
		{F4C47C1B-F515-4EF3-80E3-4A83EA47C9BA}.Debug|x64.ActiveCfg = Debug|Win32
		{F4C47C1B-F515-4EF3-80E3-4A83EA47C9BA}.Release Lib|Win32.ActiveCfg = Release Lib|Win32
		{F4C47C1B-F515-4EF3-80E3-4A83EA47C9BA}.Release Lib|Win32.Build.0 = Release Lib|Win32
		{F4C47C1B-F515-4EF3-80E3-4A83EA47C9BA}.Release Lib|x64.ActiveCfg = Release Lib|Win32
		{F4C47C1B-F515-4EF3-80E3-4A83EA47C9BA}.Release|Win32.ActiveCfg = Release|Win32
		{F4C47C1B-F515-4EF3-80E3-4A83EA47C9BA}.Release|Win32.Build.0 = Release|Win32
		{F4C47C1B-F515-4EF3-80E3-4A83EA47C9BA}.Release|x64.ActiveCfg = Release|Win32
		{F4C47C1B-F515-4EF3-80E3-4A83EA47C9BA}.Template|Win32.ActiveCfg = Template|Win32
		{F4C47C1B-F515-4EF3-80E3-4A83EA47C9BA}.Template|Win32.Build.0 = Template|Win32
		{F4C47C1B-F515-4EF3-80E3-4A83EA47C9BA}.Template|x64.ActiveCfg = Template|Win32
		{339455B8-36B5-4D19-B8CB-6435672CB069}.Debug Lib|Win32.ActiveCfg = Debug Lib|Win32
		{339455B8-36B5-4D19-B8CB-6435672CB069}.Debug Lib|Win32.Build.0 = Debug Lib|Win32
		{339455B8-36B5-4D19-B8CB-6435672CB069}.Debug Lib|x64.ActiveCfg = Debug Lib|Win32
		{339455B8-36B5-4D19-B8CB-6435672CB069}.Debug|Win32.ActiveCfg = Debug|Win32
		{339455B8-36B5-4D19-B8CB-6435672CB069}.Debug|Win32.Build.0 = Debug|Win32
		{339455B8-36B5-4D19-B8CB-6435672CB069}.Debug|x64.ActiveCfg = Debug|Win32
		{339455B8-36B5-4D19-B8CB-6435672CB069}.Release Lib|Win32.ActiveCfg = Release Lib|Win32
		{339455B8-36B5-4D19-B8CB-6435672CB069}.Release Lib|Win32.Build.0 = Release Lib|Win32
		{339455B8-36B5-4D19-B8CB-6435672CB069}.Release Lib|x64.ActiveCfg = Release Lib|Win32
		{339455B8-36B5-4D19-B8CB-6435672CB069}.Release|Win32.ActiveCfg = Release|Win32
		{339455B8-36B5-4D19-B8CB-6435672CB069}.Release|Win32.Build.0 = Release|Win32
		{339455B8-36B5-4D19-B8CB-6435672CB069}.Release|x64.ActiveCfg = Release|Win32
		{339455B8-36B5-4D19-B8CB-6435672CB069}.Template|Win32.ActiveCfg = Release|Win32
		{339455B8-36B5-4D19-B8CB-6435672CB069}.Template|Win32.Build.0 = Release|Win32
		{339455B8-36B5-4D19-B8CB-6435672CB069}.Template|x64.ActiveCfg = Release|Win32
		{DFCE40E7-D807-459C-A21A-80E940012C40}.Debug Lib|Win32.ActiveCfg = Debug Lib|Win32
		{DFCE40E7-D807-459C-A21A-80E940012C40}.Debug Lib|Win32.Build.0 = Debug Lib|Win32
		{DFCE40E7-D807-459C-A21A-80E940012C40}.Debug Lib|x64.ActiveCfg = Debug Lib|Win32
		{DFCE40E7-D807-459C-A21A-80E940012C40}.Debug|Win32.ActiveCfg = Debug|Win32
		{DFCE40E7-D807-459C-A21A-80E940012C40}.Debug|Win32.Build.0 = Debug|Win32
		{DFCE40E7-D807-459C-A21A-80E940012C40}.Debug|x64.ActiveCfg = Debug|Win32
		{DFCE40E7-D807-459C-A21A-80E940012C40}.Release Lib|Win32.ActiveCfg = Release Lib|Win32
		{DFCE40E7-D807-459C-A21A-80E940012C40}.Release Lib|Win32.Build.0 = Release Lib|Win32
		{DFCE40E7-D807-459C-A21A-80E940012C40}.Release Lib|x64.ActiveCfg = Release Lib|Win32
		{DFCE40E7-D807-459C-A21A-80E940012C40}.Release|Win32.ActiveCfg = Release|Win32
		{DFCE40E7-D807-459C-A21A-80E940012C40}.Release|Win32.Build.0 = Release|Win32
		{DFCE40E7-D807-459C-A21A-80E940012C40}.Release|x64.ActiveCfg = Release|Win32
		{DFCE40E7-D807-459C-A21A-80E940012C40}.Template|Win32.ActiveCfg = Release|Win32
		{DFCE40E7-D807-459C-A21A-80E940012C40}.Template|Win32.Build.0 = Release|Win32
		{DFCE40E7-D807-459C-A21A-80E940012C40}.Template|x64.ActiveCfg = Release|Win32
		{1B376D3D-9DDE-4E84-B312-A96FA9E7B617}.Debug Lib|Win32.ActiveCfg = Debug Lib|Win32
		{1B376D3D-9DDE-4E84-B312-A96FA9E7B617}.Debug Lib|Win32.Build.0 = Debug Lib|Win32
		{1B376D3D-9DDE-4E84-B312-A96FA9E7B617}.Debug Lib|x64.ActiveCfg = Debug Lib|Win32
		{1B376D3D-9DDE-4E84-B312-A96FA9E7B617}.Debug|Win32.ActiveCfg = Debug|Win32
		{1B376D3D-9DDE-4E84-B312-A96FA9E7B617}.Debug|Win32.Build.0 = Debug|Win32
		{1B376D3D-9DDE-4E84-B312-A96FA9E7B617}.Debug|x64.ActiveCfg = Debug|Win32
		{1B376D3D-9DDE-4E84-B312-A96FA9E7B617}.Release Lib|Win32.ActiveCfg = Release Lib|Win32
		{1B376D3D-9DDE-4E84-B312-A96FA9E7B617}.Release Lib|Win32.Build.0 = Release Lib|Win32
		{1B376D3D-9DDE-4E84-B312-A96FA9E7B617}.Release Lib|x64.ActiveCfg = Release Lib|Win32
		{1B376D3D-9DDE-4E84-B312-A96FA9E7B617}.Release|Win32.ActiveCfg = Release|Win32
		{1B376D3D-9DDE-4E84-B312-A96FA9E7B617}.Release|Win32.Build.0 = Release|Win32
		{1B376D3D-9DDE-4E84-B312-A96FA9E7B617}.Release|x64.ActiveCfg = Release|Win32
		{1B376D3D-9DDE-4E84-B312-A96FA9E7B617}.Template|Win32.ActiveCfg = Release|Win32
		{1B376D3D-9DDE-4E84-B312-A96FA9E7B617}.Template|Win32.Build.0 = Release|Win32
		{1B376D3D-9DDE-4E84-B312-A96FA9E7B617}.Template|x64.ActiveCfg = Release|Win32
		{591A597B-37A3-4106-BFB3-A76B61C257E6}.Debug Lib|Win32.ActiveCfg = Debug Lib|Win32
		{591A597B-37A3-4106-BFB3-A76B61C257E6}.Debug Lib|Win32.Build.0 = Debug Lib|Win32
		{591A597B-37A3-4106-BFB3-A76B61C257E6}.Debug Lib|x64.ActiveCfg = Debug Lib|Win32
		{591A597B-37A3-4106-BFB3-A76B61C257E6}.Debug|Win32.ActiveCfg = Debug|Win32
		{591A597B-37A3-4106-BFB3-A76B61C257E6}.Debug|Win32.Build.0 = Debug|Win32
		{591A597B-37A3-4106-BFB3-A76B61C257E6}.Debug|x64.ActiveCfg = Debug|Win32
		{591A597B-37A3-4106-BFB3-A76B61C257E6}.Release Lib|Win32.ActiveCfg = Release Lib|Win32
		{591A597B-37A3-4106-BFB3-A76B61C257E6}.Release Lib|Win32.Build.0 = Release Lib|Win32
		{591A597B-37A3-4106-BFB3-A76B61C257E6}.Release Lib|x64.ActiveCfg = Release Lib|Win32
		{591A597B-37A3-4106-BFB3-A76B61C257E6}.Release|Win32.ActiveCfg = Release|Win32
		{591A597B-37A3-4106-BFB3-A76B61C257E6}.Release|Win32.Build.0 = Release|Win32
		{591A597B-37A3-4106-BFB3-A76B61C257E6}.Release|x64.ActiveCfg = Release|Win32
		{591A597B-37A3-4106-BFB3-A76B61C257E6}.Template|Win32.ActiveCfg = Release|Win32
		{591A597B-37A3-4106-BFB3-A76B61C257E6}.Template|Win32.Build.0 = Release|Win32
		{591A597B-37A3-4106-BFB3-A76B61C257E6}.Template|x64.ActiveCfg = Release|Win32
		{07764437-69E8-4E53-9709-8D1589FC34AC}.Debug Lib|Win32.ActiveCfg = Debug Lib|Win32
		{07764437-69E8-4E53-9709-8D1589FC34AC}.Debug Lib|Win32.Build.0 = Debug Lib|Win32
		{07764437-69E8-4E53-9709-8D1589FC34AC}.Debug Lib|x64.ActiveCfg = Debug Lib|Win32
		{07764437-69E8-4E53-9709-8D1589FC34AC}.Debug|Win32.ActiveCfg = Debug|Win32
		{07764437-69E8-4E53-9709-8D1589FC34AC}.Debug|Win32.Build.0 = Debug|Win32
		{07764437-69E8-4E53-9709-8D1589FC34AC}.Debug|x64.ActiveCfg = Debug|Win32
		{07764437-69E8-4E53-9709-8D1589FC34AC}.Release Lib|Win32.ActiveCfg = Release Lib|Win32
		{07764437-69E8-4E53-9709-8D1589FC34AC}.Release Lib|Win32.Build.0 = Release Lib|Win32
		{07764437-69E8-4E53-9709-8D1589FC34AC}.Release Lib|x64.ActiveCfg = Release Lib|Win32
		{07764437-69E8-4E53-9709-8D1589FC34AC}.Release|Win32.ActiveCfg = Release|Win32
		{07764437-69E8-4E53-9709-8D1589FC34AC}.Release|Win32.Build.0 = Release|Win32
		{07764437-69E8-4E53-9709-8D1589FC34AC}.Release|x64.ActiveCfg = Release|Win32
		{07764437-69E8-4E53-9709-8D1589FC34AC}.Template|Win32.ActiveCfg = Release|Win32
		{07764437-69E8-4E53-9709-8D1589FC34AC}.Template|Win32.Build.0 = Release|Win32
		{07764437-69E8-4E53-9709-8D1589FC34AC}.Template|x64.ActiveCfg = Release|Win32
		{3C2A52F8-DE84-46B5-800B-96190670EC38}.Debug Lib|Win32.ActiveCfg = Debug Lib|Win32
		{3C2A52F8-DE84-46B5-800B-96190670EC38}.Debug Lib|Win32.Build.0 = Debug Lib|Win32
		{3C2A52F8-DE84-46B5-800B-96190670EC38}.Debug Lib|x64.ActiveCfg = Debug Lib|Win32
		{3C2A52F8-DE84-46B5-800B-96190670EC38}.Debug|Win32.ActiveCfg = Debug|Win32
		{3C2A52F8-DE84-46B5-800B-96190670EC38}.Debug|Win32.Build.0 = Debug|Win32
		{3C2A52F8-DE84-46B5-800B-96190670EC38}.Debug|x64.ActiveCfg = Debug|Win32
		{3C2A52F8-DE84-46B5-800B-96190670EC38}.Release Lib|Win32.ActiveCfg = Release Lib|Win32
		{3C2A52F8-DE84-46B5-800B-96190670EC38}.Release Lib|Win32.Build.0 = Release Lib|Win32
		{3C2A52F8-DE84-46B5-800B-96190670EC38}.Release Lib|x64.ActiveCfg = Release Lib|Win32
		{3C2A52F8-DE84-46B5-800B-96190670EC38}.Release|Win32.ActiveCfg = Release|Win32
		{3C2A52F8-DE84-46B5-800B-96190670EC38}.Release|Win32.Build.0 = Release|Win32
		{3C2A52F8-DE84-46B5-800B-96190670EC38}.Release|x64.ActiveCfg = Release|Win32
		{3C2A52F8-DE84-46B5-800B-96190670EC38}.Template|Win32.ActiveCfg = Release|Win32
		{3C2A52F8-DE84-46B5-800B-96190670EC38}.Template|Win32.Build.0 = Release|Win32
		{3C2A52F8-DE84-46B5-800B-96190670EC38}.Template|x64.ActiveCfg = Release|Win32
		{CA2B48F9-844F-4597-AD96-0CB1CF0B8576}.Debug Lib|Win32.ActiveCfg = Debug|Win32
		{CA2B48F9-844F-4597-AD96-0CB1CF0B8576}.Debug Lib|Win32.Build.0 = Debug|Win32
		{CA2B48F9-844F-4597-AD96-0CB1CF0B8576}.Debug Lib|x64.ActiveCfg = Debug|Win32
		{CA2B48F9-844F-4597-AD96-0CB1CF0B8576}.Debug|Win32.ActiveCfg = Debug|Win32
		{CA2B48F9-844F-4597-AD96-0CB1CF0B8576}.Debug|Win32.Build.0 = Debug|Win32
		{CA2B48F9-844F-4597-AD96-0CB1CF0B8576}.Debug|x64.ActiveCfg = Debug|Win32
		{CA2B48F9-844F-4597-AD96-0CB1CF0B8576}.Release Lib|Win32.ActiveCfg = Release|Win32
		{CA2B48F9-844F-4597-AD96-0CB1CF0B8576}.Release Lib|Win32.Build.0 = Release|Win32
		{CA2B48F9-844F-4597-AD96-0CB1CF0B8576}.Release Lib|x64.ActiveCfg = Release|Win32
		{CA2B48F9-844F-4597-AD96-0CB1CF0B8576}.Release|Win32.ActiveCfg = Release|Win32
		{CA2B48F9-844F-4597-AD96-0CB1CF0B8576}.Release|Win32.Build.0 = Release|Win32
		{CA2B48F9-844F-4597-AD96-0CB1CF0B8576}.Release|x64.ActiveCfg = Release|Win32
		{CA2B48F9-844F-4597-AD96-0CB1CF0B8576}.Template|Win32.ActiveCfg = Release|Win32
		{CA2B48F9-844F-4597-AD96-0CB1CF0B8576}.Template|Win32.Build.0 = Release|Win32
		{CA2B48F9-844F-4597-AD96-0CB1CF0B8576}.Template|x64.ActiveCfg = Release|Win32
		{65C4C33D-E1AB-476C-9803-4E5E10998073}.Debug Lib|Win32.ActiveCfg = Debug|Win32
		{65C4C33D-E1AB-476C-9803-4E5E10998073}.Debug Lib|Win32.Build.0 = Debug|Win32
		{65C4C33D-E1AB-476C-9803-4E5E10998073}.Debug Lib|x64.ActiveCfg = Debug|Win32
		{65C4C33D-E1AB-476C-9803-4E5E10998073}.Debug|Win32.ActiveCfg = Debug|Win32
		{65C4C33D-E1AB-476C-9803-4E5E10998073}.Debug|Win32.Build.0 = Debug|Win32
		{65C4C33D-E1AB-476C-9803-4E5E10998073}.Debug|x64.ActiveCfg = Debug|Win32
		{65C4C33D-E1AB-476C-9803-4E5E10998073}.Release Lib|Win32.ActiveCfg = Release|Win32
		{65C4C33D-E1AB-476C-9803-4E5E10998073}.Release Lib|Win32.Build.0 = Release|Win32
		{65C4C33D-E1AB-476C-9803-4E5E10998073}.Release Lib|x64.ActiveCfg = Release|Win32
		{65C4C33D-E1AB-476C-9803-4E5E10998073}.Release|Win32.ActiveCfg = Release|Win32
		{65C4C33D-E1AB-476C-9803-4E5E10998073}.Release|Win32.Build.0 = Release|Win32
		{65C4C33D-E1AB-476C-9803-4E5E10998073}.Release|x64.ActiveCfg = Release|Win32
		{65C4C33D-E1AB-476C-9803-4E5E10998073}.Template|Win32.ActiveCfg = Release|Win32
		{65C4C33D-E1AB-476C-9803-4E5E10998073}.Template|Win32.Build.0 = Release|Win32
		{65C4C33D-E1AB-476C-9803-4E5E10998073}.Template|x64.ActiveCfg = Release|Win32
	EndGlobalSection
	GlobalSection(SolutionProperties) = preSolution
		HideSolutionNode = FALSE
	EndGlobalSection
	GlobalSection(NestedProjects) = preSolution
		{3D1FB042-E12E-414E-8C93-1B164E07F267} = {1B53F86A-2F38-4255-86AF-662009C0D8B3}
		{E0B499ED-3017-402F-862B-6E96DF8A7721} = {1B53F86A-2F38-4255-86AF-662009C0D8B3}
		{379A52AA-D4F3-4F52-900C-33FB8F4DE31C} = {1B53F86A-2F38-4255-86AF-662009C0D8B3}
		{DAFCC2E2-4CE7-4334-B298-664F429BDD4A} = {1B53F86A-2F38-4255-86AF-662009C0D8B3}
		{93D61D97-FB6C-42F5-B0CD-58896807072C} = {9CFD963A-F479-44D1-B7F6-792E84948543}
		{63EF2037-A85A-4F80-AEA1-0313E0AF2941} = {9CFD963A-F479-44D1-B7F6-792E84948543}
		{9D0F253E-4057-49D0-A4E2-2A3097904FB8} = {BBF731B6-8D64-42BB-ABB5-5D71E1854883}
		{F29425A5-0612-4E59-9FC6-C199F564B102} = {BBF731B6-8D64-42BB-ABB5-5D71E1854883}
		{B21C9CA2-5B4A-4E6A-BF42-9F02EFAC6EF7} = {BBF731B6-8D64-42BB-ABB5-5D71E1854883}
		{5B3D7B8E-8916-4B19-B5E5-DFF96FB96444} = {BBF731B6-8D64-42BB-ABB5-5D71E1854883}
		{67C5FED6-0B88-4ADE-B1A5-B406AE6EFCF1} = {BBF731B6-8D64-42BB-ABB5-5D71E1854883}
		{4C9131BB-42F8-4FCB-B6B2-163AC14C39F1} = {BBF731B6-8D64-42BB-ABB5-5D71E1854883}
		{BE2C7017-C9FD-4B9E-A4E6-6F5B211208B3} = {BBF731B6-8D64-42BB-ABB5-5D71E1854883}
		{7316CCC1-AD8D-4EBD-A018-4696952180E4} = {BBF731B6-8D64-42BB-ABB5-5D71E1854883}
		{2673EF6B-D016-4D14-9EB0-0FA78F7147FB} = {BBF731B6-8D64-42BB-ABB5-5D71E1854883}
		{501D3E3B-41EA-4346-8E7A-F539C99D7B7E} = {93D61D97-FB6C-42F5-B0CD-58896807072C}
		{7EBCB5A1-51C4-4EC2-A3AB-071841F8C221} = {93D61D97-FB6C-42F5-B0CD-58896807072C}
		{17D6E56D-DD43-424B-A6B3-FB08FA49526E} = {93D61D97-FB6C-42F5-B0CD-58896807072C}
		{C98294A7-7CA5-438F-8BAF-EB5A5C6C5A54} = {93D61D97-FB6C-42F5-B0CD-58896807072C}
		{BA90AA73-3027-4021-BB47-75DD956962DB} = {93D61D97-FB6C-42F5-B0CD-58896807072C}
		{BD1B043D-5C5F-4B0E-A278-3D3CB66ABD87} = {93D61D97-FB6C-42F5-B0CD-58896807072C}
		{63D30A39-7ACC-49C1-BF7C-459C0BA59BE8} = {93D61D97-FB6C-42F5-B0CD-58896807072C}
		{CAE49DE7-B2CD-47A5-AB40-45217862406C} = {93D61D97-FB6C-42F5-B0CD-58896807072C}
		{3E2A2C6C-C615-4D51-AEC1-615E1BB7ED5C} = {93D61D97-FB6C-42F5-B0CD-58896807072C}
		{FFE98ABB-195A-42D4-BDF7-934E5FDB9AE6} = {93D61D97-FB6C-42F5-B0CD-58896807072C}
		{C55E414B-77AD-432D-BC15-095E6AC729C4} = {CE24D653-A55F-4BAC-939D-084B7C9A7FDF}
		{D4CF7FEB-51E3-4435-9900-7FD47CDC9AFA} = {CE24D653-A55F-4BAC-939D-084B7C9A7FDF}
		{6DF6C945-F5E1-4289-BD89-46DB6D727188} = {EC330326-9F2C-4A90-879F-5EB71D8808A0}
		{535CEAFC-D4D8-4D91-840C-232B95CB49F7} = {EC330326-9F2C-4A90-879F-5EB71D8808A0}
		{8252A053-44A9-48E2-8134-534D5F796123} = {EC330326-9F2C-4A90-879F-5EB71D8808A0}
		{0AF0C7AC-A1D0-4C5F-AC38-DDF5E13E9CBA} = {EC330326-9F2C-4A90-879F-5EB71D8808A0}
		{720132F1-BD19-488C-AC6D-7BA58F70DCA9} = {EC330326-9F2C-4A90-879F-5EB71D8808A0}
		{80C1627D-BA77-4FCD-B5C6-AACB8B1087FB} = {EC330326-9F2C-4A90-879F-5EB71D8808A0}
		{B438DF03-7F7E-46F0-9AEE-F8EEF288C692} = {EC330326-9F2C-4A90-879F-5EB71D8808A0}
		{6AD1CD82-782A-4D75-BE30-71F136448E33} = {EC330326-9F2C-4A90-879F-5EB71D8808A0}
		{BEE9BD0B-80E1-4B0C-BED8-27490E06D674} = {EC330326-9F2C-4A90-879F-5EB71D8808A0}
		{DFCE40E7-D807-459C-A21A-80E940012C40} = {7E31EB03-33D6-4E31-909C-8DCF9964E1FA}
		{1B376D3D-9DDE-4E84-B312-A96FA9E7B617} = {7E31EB03-33D6-4E31-909C-8DCF9964E1FA}
		{591A597B-37A3-4106-BFB3-A76B61C257E6} = {7E31EB03-33D6-4E31-909C-8DCF9964E1FA}
		{07764437-69E8-4E53-9709-8D1589FC34AC} = {7E31EB03-33D6-4E31-909C-8DCF9964E1FA}
		{3C2A52F8-DE84-46B5-800B-96190670EC38} = {7E31EB03-33D6-4E31-909C-8DCF9964E1FA}
		{CA2B48F9-844F-4597-AD96-0CB1CF0B8576} = {7E31EB03-33D6-4E31-909C-8DCF9964E1FA}
		{65C4C33D-E1AB-476C-9803-4E5E10998073} = {7E31EB03-33D6-4E31-909C-8DCF9964E1FA}
		{339455B8-36B5-4D19-B8CB-6435672CB069} = {7E31EB03-33D6-4E31-909C-8DCF9964E1FA}
		{7E31EB03-33D6-4E31-909C-8DCF9964E1FA} = {CEB45043-E069-4670-BDC5-DD6C4375F912}
		{F4C47C1B-F515-4EF3-80E3-4A83EA47C9BA} = {CEB45043-E069-4670-BDC5-DD6C4375F912}
	EndGlobalSection
	GlobalSection(DPCodeReviewSolutionGUID) = preSolution
		DPCodeReviewSolutionGUID = {00000000-0000-0000-0000-000000000000}
	EndGlobalSection
	GlobalSection(DPCodeReviewSolutionGUID) = preSolution
		DPCodeReviewSolutionGUID = {00000000-0000-0000-0000-000000000000}
	EndGlobalSection
EndGlobal
