<?xml version="1.0" encoding="utf-8"?>
<Project ToolsVersion="4.0" xmlns="http://schemas.microsoft.com/developer/msbuild/2003">
  <ItemGroup>
    <Filter Include="Source Files">
      <UniqueIdentifier>{4FC737F1-C7A5-4376-A066-2A32D752A2FF}</UniqueIdentifier>
      <Extensions>cpp;c;cc;cxx;def;odl;idl;hpj;bat;asm;asmx</Extensions>
    </Filter>
    <Filter Include="Header Files">
      <UniqueIdentifier>{93995380-89BD-4b04-88EB-625FBE52EBFB}</UniqueIdentifier>
      <Extensions>h;hpp;hxx;hm;inl;inc;xsd</Extensions>
    </Filter>
    <Filter Include="My Amplifier Results">
      <UniqueIdentifier>{184e481c-a243-4476-9a31-9fe03e7d41e2}</UniqueIdentifier>
    </Filter>
  </ItemGroup>
  <ItemGroup>
    <ClCompile Include="..\..\..\adaptors\test\attribute_performance.cpp">
      <Filter>Source Files</Filter>
    </ClCompile>
  </ItemGroup>
  <ItemGroup>
    <None Include="My Amplifier Results\r006hs\attrinit.ampl">
      <Filter>My Amplifier Results</Filter>
    </None>
    <None Include="My Amplifier Results\r003hs\baselinehs.ampl">
      <Filter>My Amplifier Results</Filter>
    </None>
    <None Include="My Amplifier Results\r013hs\chckvalid.ampl">
      <Filter>My Amplifier Results</Filter>
    </None>
    <None Include="My Amplifier Results\r004hs\fixedread.ampl">
      <Filter>My Amplifier Results</Filter>
    </None>
    <None Include="My Amplifier Results\r005hs\fixedwrite.ampl">
      <Filter>My Amplifier Results</Filter>
    </None>
    <None Include="My Amplifier Results\r011hs\is_impl_valid.ampl">
      <Filter>My Amplifier Results</Filter>
    </None>
    <None Include="My Amplifier Results\r014hs\itercache.ampl">
      <Filter>My Amplifier Results</Filter>
    </None>
    <None Include="My Amplifier Results\r015hs\nokey.ampl">
      <Filter>My Amplifier Results</Filter>
    </None>
    <None Include="My Amplifier Results\r007hs\ptr_map.ampl">
      <Filter>My Amplifier Results</Filter>
    </None>
    <None Include="My Amplifier Results\r016hs\r016hs.ampl">
      <Filter>My Amplifier Results</Filter>
    </None>
    <None Include="My Amplifier Results\r017hs\r017hs.ampl">
      <Filter>My Amplifier Results</Filter>
    </None>
    <None Include="My Amplifier Results\r010hs\reserve.ampl">
      <Filter>My Amplifier Results</Filter>
    </None>
    <None Include="My Amplifier Results\r008hs\scalarvector.ampl">
      <Filter>My Amplifier Results</Filter>
    </None>
    <None Include="My Amplifier Results\r012hs\sdconstr.ampl">
      <Filter>My Amplifier Results</Filter>
    </None>
  </ItemGroup>
</Project>